// !$*UTF8*$!
{
	archiveVersion = 1;
	classes = {
	};
	objectVersion = 51;
	objects = {

/* Begin PBXBuildFile section */
		1D60589F0D05DD5A006BFB54 /* Foundation.framework in Frameworks */ = {isa = PBXBuildFile; fileRef = 1D30AB110D05D00D00671497 /* Foundation.framework */; };
		28FD15080DC6FC5B0079059D /* QuartzCore.framework in Frameworks */ = {isa = PBXBuildFile; fileRef = 28FD15070DC6FC5B0079059D /* QuartzCore.framework */; };
		945C4F53195AF17F00DBBF61 /* Default-568h@2x.png in Resources */ = {isa = PBXBuildFile; fileRef = 945C4F52195AF17F00DBBF61 /* Default-568h@2x.png */; };
		A301CE9928819EDB00576725 /* CoreBluetooth.framework in Frameworks */ = {isa = PBXBuildFile; fileRef = A3AD3E56287E34EA00A9C241 /* CoreBluetooth.framework */; };
		A301CE9A2881A0A900576725 /* UIKit.framework in Frameworks */ = {isa = PBXBuildFile; fileRef = 1DF5F4DF0D08C38300B7A737 /* UIKit.framework */; };
		A301CEA12881A65800576725 /* AVFoundation.framework in Frameworks */ = {isa = PBXBuildFile; fileRef = A3AD3E4C287E332D00A9C241 /* AVFoundation.framework */; };
		A301CEA42881A78F00576725 /* CoreHaptics.framework in Frameworks */ = {isa = PBXBuildFile; fileRef = A301CEA32881A78F00576725 /* CoreHaptics.framework */; };
		A301CEA62881A83500576725 /* iOS Launch Screen.storyboard in Resources */ = {isa = PBXBuildFile; fileRef = A301CEA52881A83500576725 /* iOS Launch Screen.storyboard */; };
		A301D5AA2881B64A00576725 /* OpenGLES.framework in Frameworks */ = {isa = PBXBuildFile; fileRef = 28FD14FF0DC6FC520079059D /* OpenGLES.framework */; };
		A333DB29287FAB1600EE7AEB /* CoreData.framework in Frameworks */ = {isa = PBXBuildFile; fileRef = A333DB28287FAB1600EE7AEB /* CoreData.framework */; };
		A333DB2B287FAB2200EE7AEB /* ImageIO.framework in Frameworks */ = {isa = PBXBuildFile; fileRef = A333DB2A287FAB2200EE7AEB /* ImageIO.framework */; };
		A333DB2F287FAB3700EE7AEB /* SystemConfiguration.framework in Frameworks */ = {isa = PBXBuildFile; fileRef = A333DB2E287FAB3700EE7AEB /* SystemConfiguration.framework */; };
		A333DB33287FAB4C00EE7AEB /* CoreTelephony.framework in Frameworks */ = {isa = PBXBuildFile; fileRef = A333DB32287FAB4C00EE7AEB /* CoreTelephony.framework */; };
		A37955472880D64B009EAB14 /* CoreServices.framework in Frameworks */ = {isa = PBXBuildFile; fileRef = A37955462880D64B009EAB14 /* CoreServices.framework */; };
		A37985C02881006F009EAB14 /* Metal.framework in Frameworks */ = {isa = PBXBuildFile; fileRef = A37985BF2881006F009EAB14 /* Metal.framework */; };
		A3A72D5828AC8EFD00EEA048 /* libBox2DiOSLib.a in Frameworks */ = {isa = PBXBuildFile; fileRef = A3855A4528AC798500BC9406 /* libBox2DiOSLib.a */; };
		A3A72D5928AC8EFD00EEA048 /* libFreetype2.a in Frameworks */ = {isa = PBXBuildFile; fileRef = A38559F728AC770C00BC9406 /* libFreetype2.a */; };
		A3A72D5A28AC8EFD00EEA048 /* libgdeiOSLib.a in Frameworks */ = {isa = PBXBuildFile; fileRef = A3855AD728AC800500BC9406 /* libgdeiOSLib.a */; };
		A3A72D5B28AC8EFD00EEA048 /* libglmiOSLib.a in Frameworks */ = {isa = PBXBuildFile; fileRef = A38559F128AC76F900BC9406 /* libglmiOSLib.a */; };
		A3A72D5C28AC8EFD00EEA048 /* libSDL2.a in Frameworks */ = {isa = PBXBuildFile; fileRef = A3855A2428AC777500BC9406 /* libSDL2.a */; };
		A3A72D5D28AC8EFD00EEA048 /* libSDL2_image.a in Frameworks */ = {isa = PBXBuildFile; fileRef = A3855A0028AC775300BC9406 /* libSDL2_image.a */; };
		A3A72D5E28AC8EFD00EEA048 /* libSDL2_mixer.a in Frameworks */ = {isa = PBXBuildFile; fileRef = A3855A0B28AC776300BC9406 /* libSDL2_mixer.a */; };
		A3EE72AF28822CA80026664A /* Clock.cpp in Sources */ = {isa = PBXBuildFile; fileRef = A3EE727528822CA80026664A /* Clock.cpp */; };
		A3EE72B028822CA80026664A /* Color.cpp in Sources */ = {isa = PBXBuildFile; fileRef = A3EE727628822CA80026664A /* Color.cpp */; };
		A3EE72B128822CA80026664A /* Platform.cpp in Sources */ = {isa = PBXBuildFile; fileRef = A3EE727828822CA80026664A /* Platform.cpp */; };
		A3EE72B228822CA80026664A /* ImGuiScene.cpp in Sources */ = {isa = PBXBuildFile; fileRef = A3EE727A28822CA80026664A /* ImGuiScene.cpp */; };
		A3EE72B328822CA80026664A /* Scene.cpp in Sources */ = {isa = PBXBuildFile; fileRef = A3EE727B28822CA80026664A /* Scene.cpp */; };
		A3EE72B428822CA80026664A /* Components.cpp in Sources */ = {isa = PBXBuildFile; fileRef = A3EE727C28822CA80026664A /* Components.cpp */; };
		A3EE72B528822CA80026664A /* Graph.cpp in Sources */ = {isa = PBXBuildFile; fileRef = A3EE727D28822CA80026664A /* Graph.cpp */; };
		A3EE72B628822CA80026664A /* Camera.cpp in Sources */ = {isa = PBXBuildFile; fileRef = A3EE727F28822CA80026664A /* Camera.cpp */; };
		A3EE72B728822CA80026664A /* TextureAtlasManager.cpp in Sources */ = {isa = PBXBuildFile; fileRef = A3EE728128822CA80026664A /* TextureAtlasManager.cpp */; };
		A3EE72B828822CA80026664A /* SpriteBatch.cpp in Sources */ = {isa = PBXBuildFile; fileRef = A3EE728228822CA80026664A /* SpriteBatch.cpp */; };
		A3EE72B928822CA80026664A /* FrameBuffer.cpp in Sources */ = {isa = PBXBuildFile; fileRef = A3EE728328822CA80026664A /* FrameBuffer.cpp */; };
		A3EE72BA28822CA80026664A /* Texture.cpp in Sources */ = {isa = PBXBuildFile; fileRef = A3EE728428822CA80026664A /* Texture.cpp */; };
		A3EE72BB28822CA80026664A /* Shader.cpp in Sources */ = {isa = PBXBuildFile; fileRef = A3EE728528822CA80026664A /* Shader.cpp */; };
		A3EE72BC28822CA80026664A /* ShaderManager.cpp in Sources */ = {isa = PBXBuildFile; fileRef = A3EE728628822CA80026664A /* ShaderManager.cpp */; };
		A3EE72BD28822CA80026664A /* Window.cpp in Sources */ = {isa = PBXBuildFile; fileRef = A3EE728828822CA80026664A /* Window.cpp */; };
		A3EE72BE28822CA80026664A /* ViewPort.cpp in Sources */ = {isa = PBXBuildFile; fileRef = A3EE728928822CA80026664A /* ViewPort.cpp */; };
		A3EE72BF28822CA80026664A /* Renderer.cpp in Sources */ = {isa = PBXBuildFile; fileRef = A3EE728A28822CA80026664A /* Renderer.cpp */; };
		A3EE72C028822CA80026664A /* Manager.cpp in Sources */ = {isa = PBXBuildFile; fileRef = A3EE728B28822CA80026664A /* Manager.cpp */; };
		A3EE72C128822CA80026664A /* Engine.cpp in Sources */ = {isa = PBXBuildFile; fileRef = A3EE728C28822CA80026664A /* Engine.cpp */; };
		A3EE72C228822CA80026664A /* Canvas.cpp in Sources */ = {isa = PBXBuildFile; fileRef = A3EE728F28822CA80026664A /* Canvas.cpp */; };
		A3EE72C328822CA80026664A /* SceneManager.cpp in Sources */ = {isa = PBXBuildFile; fileRef = A3EE729028822CA80026664A /* SceneManager.cpp */; };
		A3EE72C428822CA80026664A /* FontManager.cpp in Sources */ = {isa = PBXBuildFile; fileRef = A3EE729128822CA80026664A /* FontManager.cpp */; };
		A3EE72C528822CA80026664A /* SoundManager.cpp in Sources */ = {isa = PBXBuildFile; fileRef = A3EE729328822CA80026664A /* SoundManager.cpp */; };
		A3EE72C628822CA80026664A /* ParticleSystem.cpp in Sources */ = {isa = PBXBuildFile; fileRef = A3EE729528822CA80026664A /* ParticleSystem.cpp */; };
		A3EE72C728822CA80026664A /* FileManager.cpp in Sources */ = {isa = PBXBuildFile; fileRef = A3EE729728822CA80026664A /* FileManager.cpp */; };
		A3EE72C828822CA80026664A /* ECSManager.cpp in Sources */ = {isa = PBXBuildFile; fileRef = A3EE729928822CA80026664A /* ECSManager.cpp */; };
		A3EE72C928822CA80026664A /* ControllerInput.cpp in Sources */ = {isa = PBXBuildFile; fileRef = A3EE729B28822CA80026664A /* ControllerInput.cpp */; };
		A3EE72CA28822CA80026664A /* Input.cpp in Sources */ = {isa = PBXBuildFile; fileRef = A3EE729C28822CA80026664A /* Input.cpp */; };
		A3EE72CB28822CA80026664A /* WindowInput.cpp in Sources */ = {isa = PBXBuildFile; fileRef = A3EE729D28822CA80026664A /* WindowInput.cpp */; };
		A3EE72CC28822CA80026664A /* MobileInput.cpp in Sources */ = {isa = PBXBuildFile; fileRef = A3EE729E28822CA80026664A /* MobileInput.cpp */; };
		A3EE72CD28822CA80026664A /* KeyboardInput.cpp in Sources */ = {isa = PBXBuildFile; fileRef = A3EE729F28822CA80026664A /* KeyboardInput.cpp */; };
		A3EE72CE28822CA80026664A /* MouseInput.cpp in Sources */ = {isa = PBXBuildFile; fileRef = A3EE72A028822CA80026664A /* MouseInput.cpp */; };
		A3EE72CF28822CA80026664A /* ConfigManager.cpp in Sources */ = {isa = PBXBuildFile; fileRef = A3EE72A228822CA80026664A /* ConfigManager.cpp */; };
		A3EE72D028822CA80026664A /* Profiler.cpp in Sources */ = {isa = PBXBuildFile; fileRef = A3EE72A428822CA80026664A /* Profiler.cpp */; };
		A3EE72D128822CA80026664A /* AnimationSystem.cpp in Sources */ = {isa = PBXBuildFile; fileRef = A3EE72A628822CA80026664A /* AnimationSystem.cpp */; };
		A3EE72D228822CA80026664A /* Animation.cpp in Sources */ = {isa = PBXBuildFile; fileRef = A3EE72A728822CA80026664A /* Animation.cpp */; };
		A3EE72D328822CA80026664A /* Console.cpp in Sources */ = {isa = PBXBuildFile; fileRef = A3EE72A928822CA80026664A /* Console.cpp */; };
		A3EE72D428822CA80026664A /* PhysicsManager.cpp in Sources */ = {isa = PBXBuildFile; fileRef = A3EE72AB28822CA80026664A /* PhysicsManager.cpp */; };
		A3EE72D528822CA80026664A /* CellularAutomataMapGenerator.cpp in Sources */ = {isa = PBXBuildFile; fileRef = A3EE72AD28822CA80026664A /* CellularAutomataMapGenerator.cpp */; };
		A3EE778828822EC90026664A /* assets in Resources */ = {isa = PBXBuildFile; fileRef = A3EE778728822EC90026664A /* assets */; };
		FA8B4B97196703B400F8EB7C /* CoreMotion.framework in Frameworks */ = {isa = PBXBuildFile; fileRef = FA8B4B96196703B400F8EB7C /* CoreMotion.framework */; };
		FAE0E9651BAF967F0098DFA4 /* GameController.framework in Frameworks */ = {isa = PBXBuildFile; fileRef = FAE0E9641BAF967F0098DFA4 /* GameController.framework */; };
		FD779EDE0E26BA1200F39101 /* CoreAudio.framework in Frameworks */ = {isa = PBXBuildFile; fileRef = FD779EDD0E26BA1200F39101 /* CoreAudio.framework */; };
		FD77A07D0E26BD8C00F39101 /* Icon.png in Resources */ = {isa = PBXBuildFile; fileRef = FD77A07C0E26BD8C00F39101 /* Icon.png */; };
		FD77A07F0E26BDA900F39101 /* Default.png in Resources */ = {isa = PBXBuildFile; fileRef = FD77A07E0E26BDA900F39101 /* Default.png */; };
		FD77A0850E26BDB800F39101 /* AudioToolbox.framework in Frameworks */ = {isa = PBXBuildFile; fileRef = FD77A0840E26BDB800F39101 /* AudioToolbox.framework */; };
		FDB8BFC60E5A0F6A00980157 /* CoreGraphics.framework in Frameworks */ = {isa = PBXBuildFile; fileRef = FDB8BFC50E5A0F6A00980157 /* CoreGraphics.framework */; };
/* End PBXBuildFile section */

/* Begin PBXContainerItemProxy section */
		A38559F028AC76F900BC9406 /* PBXContainerItemProxy */ = {
			isa = PBXContainerItemProxy;
			containerPortal = A38559EC28AC76F900BC9406 /* glmiOSLib.xcodeproj */;
			proxyType = 2;
			remoteGlobalIDString = A333749A287F869800EE7AEB;
			remoteInfo = glmiOSLib;
		};
		A38559F628AC770C00BC9406 /* PBXContainerItemProxy */ = {
			isa = PBXContainerItemProxy;
			containerPortal = A38559F228AC770C00BC9406 /* freetype2.xcodeproj */;
			proxyType = 2;
			remoteGlobalIDString = 6382B1B10FB0FC5100ECAC02;
			remoteInfo = Freetype2;
		};
		A38559FF28AC775300BC9406 /* PBXContainerItemProxy */ = {
			isa = PBXContainerItemProxy;
			containerPortal = A38559F828AC775300BC9406 /* SDL_image.xcodeproj */;
			proxyType = 2;
			remoteGlobalIDString = BE1FA74107AF4C45004B6283;
			remoteInfo = "libSDL_image-iOS";
		};
		A3855A0128AC775300BC9406 /* PBXContainerItemProxy */ = {
			isa = PBXContainerItemProxy;
			containerPortal = A38559F828AC775300BC9406 /* SDL_image.xcodeproj */;
			proxyType = 2;
			remoteGlobalIDString = AA5314451FE0FA910025C9BE;
			remoteInfo = "libSDL_image-tvOS";
		};
		A3855A0A28AC776300BC9406 /* PBXContainerItemProxy */ = {
			isa = PBXContainerItemProxy;
			containerPortal = A3855A0328AC776300BC9406 /* SDL_mixer.xcodeproj */;
			proxyType = 2;
			remoteGlobalIDString = BE1FA95407AF96B2004B6283;
			remoteInfo = "libSDL_mixer-iOS";
		};
		A3855A0C28AC776300BC9406 /* PBXContainerItemProxy */ = {
			isa = PBXContainerItemProxy;
			containerPortal = A3855A0328AC776300BC9406 /* SDL_mixer.xcodeproj */;
			proxyType = 2;
			remoteGlobalIDString = AA5314F11FE0FE2E0025C9BE;
			remoteInfo = "libSDL_mixer-tvOS";
		};
		A3855A1B28AC777500BC9406 /* PBXContainerItemProxy */ = {
			isa = PBXContainerItemProxy;
			containerPortal = A3855A0E28AC777500BC9406 /* SDL.xcodeproj */;
			proxyType = 2;
			remoteGlobalIDString = BECDF66C0761BA81005FE872;
			remoteInfo = Framework;
		};
		A3855A1D28AC777500BC9406 /* PBXContainerItemProxy */ = {
			isa = PBXContainerItemProxy;
			containerPortal = A3855A0E28AC777500BC9406 /* SDL.xcodeproj */;
			proxyType = 2;
			remoteGlobalIDString = A7D88B5423E2437C00DCD162;
			remoteInfo = "Framework-iOS";
		};
		A3855A1F28AC777500BC9406 /* PBXContainerItemProxy */ = {
			isa = PBXContainerItemProxy;
			containerPortal = A3855A0E28AC777500BC9406 /* SDL.xcodeproj */;
			proxyType = 2;
			remoteGlobalIDString = A7D88D1523E24BED00DCD162;
			remoteInfo = "Framework-tvOS";
		};
		A3855A2128AC777500BC9406 /* PBXContainerItemProxy */ = {
			isa = PBXContainerItemProxy;
			containerPortal = A3855A0E28AC777500BC9406 /* SDL.xcodeproj */;
			proxyType = 2;
			remoteGlobalIDString = BECDF6B30761BA81005FE872;
			remoteInfo = "Static Library";
		};
		A3855A2328AC777500BC9406 /* PBXContainerItemProxy */ = {
			isa = PBXContainerItemProxy;
			containerPortal = A3855A0E28AC777500BC9406 /* SDL.xcodeproj */;
			proxyType = 2;
			remoteGlobalIDString = A7D88E5423E24D3B00DCD162;
			remoteInfo = "Static Library-iOS";
		};
		A3855A2528AC777500BC9406 /* PBXContainerItemProxy */ = {
			isa = PBXContainerItemProxy;
			containerPortal = A3855A0E28AC777500BC9406 /* SDL.xcodeproj */;
			proxyType = 2;
			remoteGlobalIDString = A769B23D23E259AE00872273;
			remoteInfo = "Static Library-tvOS";
		};
		A3855A2728AC777500BC9406 /* PBXContainerItemProxy */ = {
			isa = PBXContainerItemProxy;
			containerPortal = A3855A0E28AC777500BC9406 /* SDL.xcodeproj */;
			proxyType = 2;
			remoteGlobalIDString = DB31407717554B71006C0E22;
			remoteInfo = "Shared Library";
		};
		A3855A2928AC777500BC9406 /* PBXContainerItemProxy */ = {
			isa = PBXContainerItemProxy;
			containerPortal = A3855A0E28AC777500BC9406 /* SDL.xcodeproj */;
			proxyType = 2;
			remoteGlobalIDString = A75FCEB323E25AB700529352;
			remoteInfo = "Shared Library-iOS";
		};
		A3855A2B28AC777500BC9406 /* PBXContainerItemProxy */ = {
			isa = PBXContainerItemProxy;
			containerPortal = A3855A0E28AC777500BC9406 /* SDL.xcodeproj */;
			proxyType = 2;
			remoteGlobalIDString = A75FD06C23E25AC700529352;
			remoteInfo = "Shared Library-tvOS";
		};
		A3855A2D28AC777500BC9406 /* PBXContainerItemProxy */ = {
			isa = PBXContainerItemProxy;
			containerPortal = A3855A0E28AC777500BC9406 /* SDL.xcodeproj */;
			proxyType = 2;
			remoteGlobalIDString = BECDF6BE0761BA81005FE872;
			remoteInfo = "Standard DMG";
		};
		A3855A4428AC798500BC9406 /* PBXContainerItemProxy */ = {
			isa = PBXContainerItemProxy;
			containerPortal = A3855A4028AC798500BC9406 /* Box2DiOSLib.xcodeproj */;
			proxyType = 2;
			remoteGlobalIDString = A3FCE831287F74EF00426477;
			remoteInfo = Box2DiOSLib;
		};
		A3855AD628AC800500BC9406 /* PBXContainerItemProxy */ = {
			isa = PBXContainerItemProxy;
			containerPortal = A3855AD128AC800400BC9406 /* gdeiOSLib.xcodeproj */;
			proxyType = 2;
			remoteGlobalIDString = A333871B287F9C6600EE7AEB;
			remoteInfo = gdeiOSLib;
		};
/* End PBXContainerItemProxy section */

/* Begin PBXFileReference section */
		1D30AB110D05D00D00671497 /* Foundation.framework */ = {isa = PBXFileReference; lastKnownFileType = wrapper.framework; name = Foundation.framework; path = System/Library/Frameworks/Foundation.framework; sourceTree = SDKROOT; };
		1D6058910D05DD3D006BFB54 /* GDEiOS.app */ = {isa = PBXFileReference; explicitFileType = wrapper.application; includeInIndex = 0; path = GDEiOS.app; sourceTree = BUILT_PRODUCTS_DIR; };
		1DF5F4DF0D08C38300B7A737 /* UIKit.framework */ = {isa = PBXFileReference; lastKnownFileType = wrapper.framework; name = UIKit.framework; path = System/Library/Frameworks/UIKit.framework; sourceTree = SDKROOT; };
		28FD14FF0DC6FC520079059D /* OpenGLES.framework */ = {isa = PBXFileReference; lastKnownFileType = wrapper.framework; name = OpenGLES.framework; path = System/Library/Frameworks/OpenGLES.framework; sourceTree = SDKROOT; };
		28FD15070DC6FC5B0079059D /* QuartzCore.framework */ = {isa = PBXFileReference; lastKnownFileType = wrapper.framework; name = QuartzCore.framework; path = System/Library/Frameworks/QuartzCore.framework; sourceTree = SDKROOT; };
		8D1107310486CEB800E47090 /* Info.plist */ = {isa = PBXFileReference; fileEncoding = 4; lastKnownFileType = text.plist.xml; path = Info.plist; sourceTree = "<group>"; };
		945C4F52195AF17F00DBBF61 /* Default-568h@2x.png */ = {isa = PBXFileReference; lastKnownFileType = image.png; path = "Default-568h@2x.png"; sourceTree = "<group>"; };
		A301CEA32881A78F00576725 /* CoreHaptics.framework */ = {isa = PBXFileReference; lastKnownFileType = wrapper.framework; name = CoreHaptics.framework; path = System/Library/Frameworks/CoreHaptics.framework; sourceTree = SDKROOT; };
		A301CEA52881A83500576725 /* iOS Launch Screen.storyboard */ = {isa = PBXFileReference; fileEncoding = 4; lastKnownFileType = file.storyboard; path = "iOS Launch Screen.storyboard"; sourceTree = "<group>"; };
		A333DB28287FAB1600EE7AEB /* CoreData.framework */ = {isa = PBXFileReference; lastKnownFileType = wrapper.framework; name = CoreData.framework; path = System/Library/Frameworks/CoreData.framework; sourceTree = SDKROOT; };
		A333DB2A287FAB2200EE7AEB /* ImageIO.framework */ = {isa = PBXFileReference; lastKnownFileType = wrapper.framework; name = ImageIO.framework; path = System/Library/Frameworks/ImageIO.framework; sourceTree = SDKROOT; };
		A333DB2C287FAB2A00EE7AEB /* MobileCoreServices.framework */ = {isa = PBXFileReference; lastKnownFileType = wrapper.framework; name = MobileCoreServices.framework; path = System/Library/Frameworks/MobileCoreServices.framework; sourceTree = SDKROOT; };
		A333DB2E287FAB3700EE7AEB /* SystemConfiguration.framework */ = {isa = PBXFileReference; lastKnownFileType = wrapper.framework; name = SystemConfiguration.framework; path = System/Library/Frameworks/SystemConfiguration.framework; sourceTree = SDKROOT; };
		A333DB32287FAB4C00EE7AEB /* CoreTelephony.framework */ = {isa = PBXFileReference; lastKnownFileType = wrapper.framework; name = CoreTelephony.framework; path = System/Library/Frameworks/CoreTelephony.framework; sourceTree = SDKROOT; };
		A37955462880D64B009EAB14 /* CoreServices.framework */ = {isa = PBXFileReference; lastKnownFileType = wrapper.framework; name = CoreServices.framework; path = System/Library/Frameworks/CoreServices.framework; sourceTree = SDKROOT; };
		A37985BF2881006F009EAB14 /* Metal.framework */ = {isa = PBXFileReference; lastKnownFileType = wrapper.framework; name = Metal.framework; path = System/Library/Frameworks/Metal.framework; sourceTree = SDKROOT; };
		A38559EC28AC76F900BC9406 /* glmiOSLib.xcodeproj */ = {isa = PBXFileReference; lastKnownFileType = "wrapper.pb-project"; name = glmiOSLib.xcodeproj; path = iOSProjects/glmiOSLib/glmiOSLib.xcodeproj; sourceTree = "<group>"; };
		A38559F228AC770C00BC9406 /* freetype2.xcodeproj */ = {isa = PBXFileReference; lastKnownFileType = "wrapper.pb-project"; name = freetype2.xcodeproj; path = iOSProjects/freetype2iOSLib/freetype2.xcodeproj; sourceTree = "<group>"; };
		A38559F828AC775300BC9406 /* SDL_image.xcodeproj */ = {isa = PBXFileReference; lastKnownFileType = "wrapper.pb-project"; name = SDL_image.xcodeproj; path = "modules/SDL_image/Xcode-iOS/SDL_image.xcodeproj"; sourceTree = "<group>"; };
		A3855A0328AC776300BC9406 /* SDL_mixer.xcodeproj */ = {isa = PBXFileReference; lastKnownFileType = "wrapper.pb-project"; name = SDL_mixer.xcodeproj; path = "modules/SDL_mixer/Xcode-iOS/SDL_mixer.xcodeproj"; sourceTree = "<group>"; };
		A3855A0E28AC777500BC9406 /* SDL.xcodeproj */ = {isa = PBXFileReference; lastKnownFileType = "wrapper.pb-project"; name = SDL.xcodeproj; path = modules/SDL/Xcode/SDL/SDL.xcodeproj; sourceTree = "<group>"; };
		A3855A4028AC798500BC9406 /* Box2DiOSLib.xcodeproj */ = {isa = PBXFileReference; lastKnownFileType = "wrapper.pb-project"; name = Box2DiOSLib.xcodeproj; path = iOSProjects/Box2DiOSLib/Box2DiOSLib.xcodeproj; sourceTree = "<group>"; };
		A3855AD128AC800400BC9406 /* gdeiOSLib.xcodeproj */ = {isa = PBXFileReference; lastKnownFileType = "wrapper.pb-project"; name = gdeiOSLib.xcodeproj; path = iOSProjects/gdeiOSLib/gdeiOSLib.xcodeproj; sourceTree = "<group>"; };
		A3AD3E4C287E332D00A9C241 /* AVFoundation.framework */ = {isa = PBXFileReference; lastKnownFileType = wrapper.framework; name = AVFoundation.framework; path = System/Library/Frameworks/AVFoundation.framework; sourceTree = SDKROOT; };
		A3AD3E4E287E335200A9C241 /* AVFAudio.framework */ = {isa = PBXFileReference; lastKnownFileType = wrapper.framework; name = AVFAudio.framework; path = System/Library/Frameworks/AVFAudio.framework; sourceTree = SDKROOT; };
		A3AD3E4F287E335200A9C241 /* AVKit.framework */ = {isa = PBXFileReference; lastKnownFileType = wrapper.framework; name = AVKit.framework; path = System/Library/Frameworks/AVKit.framework; sourceTree = SDKROOT; };
		A3AD3E56287E34EA00A9C241 /* CoreBluetooth.framework */ = {isa = PBXFileReference; lastKnownFileType = wrapper.framework; name = CoreBluetooth.framework; path = System/Library/Frameworks/CoreBluetooth.framework; sourceTree = SDKROOT; };
		A3EE721528822CA80026664A /* Engine.h */ = {isa = PBXFileReference; fileEncoding = 4; lastKnownFileType = sourcecode.c.h; path = Engine.h; sourceTree = "<group>"; };
		A3EE721628822CA80026664A /* Core.h */ = {isa = PBXFileReference; fileEncoding = 4; lastKnownFileType = sourcecode.c.h; path = Core.h; sourceTree = "<group>"; };
		A3EE721828822CA80026664A /* Delegate.h */ = {isa = PBXFileReference; fileEncoding = 4; lastKnownFileType = sourcecode.c.h; path = Delegate.h; sourceTree = "<group>"; };
		A3EE721928822CA80026664A /* Easing.h */ = {isa = PBXFileReference; fileEncoding = 4; lastKnownFileType = sourcecode.c.h; path = Easing.h; sourceTree = "<group>"; };
		A3EE721A28822CA80026664A /* Vec.h */ = {isa = PBXFileReference; fileEncoding = 4; lastKnownFileType = sourcecode.c.h; path = Vec.h; sourceTree = "<group>"; };
		A3EE721B28822CA80026664A /* StringUtils.h */ = {isa = PBXFileReference; fileEncoding = 4; lastKnownFileType = sourcecode.c.h; path = StringUtils.h; sourceTree = "<group>"; };
		A3EE721C28822CA80026664A /* Delta.h */ = {isa = PBXFileReference; fileEncoding = 4; lastKnownFileType = sourcecode.c.h; path = Delta.h; sourceTree = "<group>"; };
		A3EE721D28822CA80026664A /* Color.h */ = {isa = PBXFileReference; fileEncoding = 4; lastKnownFileType = sourcecode.c.h; path = Color.h; sourceTree = "<group>"; };
		A3EE721E28822CA80026664A /* Rect.h */ = {isa = PBXFileReference; fileEncoding = 4; lastKnownFileType = sourcecode.c.h; path = Rect.h; sourceTree = "<group>"; };
		A3EE721F28822CA80026664A /* Util.h */ = {isa = PBXFileReference; fileEncoding = 4; lastKnownFileType = sourcecode.c.h; path = Util.h; sourceTree = "<group>"; };
		A3EE722028822CA80026664A /* Functions.h */ = {isa = PBXFileReference; fileEncoding = 4; lastKnownFileType = sourcecode.c.h; path = Functions.h; sourceTree = "<group>"; };
		A3EE722128822CA80026664A /* PerlinNoise.h */ = {isa = PBXFileReference; fileEncoding = 4; lastKnownFileType = sourcecode.c.h; path = PerlinNoise.h; sourceTree = "<group>"; };
		A3EE722228822CA80026664A /* Logger.h */ = {isa = PBXFileReference; fileEncoding = 4; lastKnownFileType = sourcecode.c.h; path = Logger.h; sourceTree = "<group>"; };
		A3EE722328822CA80026664A /* Clock.h */ = {isa = PBXFileReference; fileEncoding = 4; lastKnownFileType = sourcecode.c.h; path = Clock.h; sourceTree = "<group>"; };
		A3EE722428822CA80026664A /* Random.h */ = {isa = PBXFileReference; fileEncoding = 4; lastKnownFileType = sourcecode.c.h; path = Random.h; sourceTree = "<group>"; };
		A3EE722528822CA80026664A /* Manager.h */ = {isa = PBXFileReference; fileEncoding = 4; lastKnownFileType = sourcecode.c.h; path = Manager.h; sourceTree = "<group>"; };
		A3EE722728822CA80026664A /* PlatformHeaderSDLMixer.h */ = {isa = PBXFileReference; fileEncoding = 4; lastKnownFileType = sourcecode.c.h; path = PlatformHeaderSDLMixer.h; sourceTree = "<group>"; };
		A3EE722828822CA80026664A /* PlatformHeaderSDLImage.h */ = {isa = PBXFileReference; fileEncoding = 4; lastKnownFileType = sourcecode.c.h; path = PlatformHeaderSDLImage.h; sourceTree = "<group>"; };
		A3EE722928822CA80026664A /* PlatformHeaderSDL.h */ = {isa = PBXFileReference; fileEncoding = 4; lastKnownFileType = sourcecode.c.h; path = PlatformHeaderSDL.h; sourceTree = "<group>"; };
		A3EE722A28822CA80026664A /* Platform.h */ = {isa = PBXFileReference; fileEncoding = 4; lastKnownFileType = sourcecode.c.h; path = Platform.h; sourceTree = "<group>"; };
		A3EE722C28822CA80026664A /* ImGuiCore.h */ = {isa = PBXFileReference; fileEncoding = 4; lastKnownFileType = sourcecode.c.h; path = ImGuiCore.h; sourceTree = "<group>"; };
		A3EE722D28822CA80026664A /* Graph.h */ = {isa = PBXFileReference; fileEncoding = 4; lastKnownFileType = sourcecode.c.h; path = Graph.h; sourceTree = "<group>"; };
		A3EE722E28822CA80026664A /* ImGuiScene.h */ = {isa = PBXFileReference; fileEncoding = 4; lastKnownFileType = sourcecode.c.h; path = ImGuiScene.h; sourceTree = "<group>"; };
		A3EE722F28822CA80026664A /* Components.h */ = {isa = PBXFileReference; fileEncoding = 4; lastKnownFileType = sourcecode.c.h; path = Components.h; sourceTree = "<group>"; };
		A3EE723028822CA80026664A /* Scene.h */ = {isa = PBXFileReference; fileEncoding = 4; lastKnownFileType = sourcecode.c.h; path = Scene.h; sourceTree = "<group>"; };
		A3EE723228822CA80026664A /* Camera.h */ = {isa = PBXFileReference; fileEncoding = 4; lastKnownFileType = sourcecode.c.h; path = Camera.h; sourceTree = "<group>"; };
		A3EE723328822CA80026664A /* Renderer.h */ = {isa = PBXFileReference; fileEncoding = 4; lastKnownFileType = sourcecode.c.h; path = Renderer.h; sourceTree = "<group>"; };
		A3EE723528822CA80026664A /* Shape.h */ = {isa = PBXFileReference; fileEncoding = 4; lastKnownFileType = sourcecode.c.h; path = Shape.h; sourceTree = "<group>"; };
		A3EE723728822CA80026664A /* TextureAtlasManager.h */ = {isa = PBXFileReference; fileEncoding = 4; lastKnownFileType = sourcecode.c.h; path = TextureAtlasManager.h; sourceTree = "<group>"; };
		A3EE723828822CA80026664A /* Shader.h */ = {isa = PBXFileReference; fileEncoding = 4; lastKnownFileType = sourcecode.c.h; path = Shader.h; sourceTree = "<group>"; };
		A3EE723928822CA80026664A /* ViewPort.h */ = {isa = PBXFileReference; fileEncoding = 4; lastKnownFileType = sourcecode.c.h; path = ViewPort.h; sourceTree = "<group>"; };
		A3EE723A28822CA80026664A /* FrameBuffer.h */ = {isa = PBXFileReference; fileEncoding = 4; lastKnownFileType = sourcecode.c.h; path = FrameBuffer.h; sourceTree = "<group>"; };
		A3EE723B28822CA80026664A /* SpriteBatch.h */ = {isa = PBXFileReference; fileEncoding = 4; lastKnownFileType = sourcecode.c.h; path = SpriteBatch.h; sourceTree = "<group>"; };
		A3EE723C28822CA80026664A /* IRenderizable.h */ = {isa = PBXFileReference; fileEncoding = 4; lastKnownFileType = sourcecode.c.h; path = IRenderizable.h; sourceTree = "<group>"; };
		A3EE723D28822CA80026664A /* ShaderManager.h */ = {isa = PBXFileReference; fileEncoding = 4; lastKnownFileType = sourcecode.c.h; path = ShaderManager.h; sourceTree = "<group>"; };
		A3EE723E28822CA80026664A /* Texture.h */ = {isa = PBXFileReference; fileEncoding = 4; lastKnownFileType = sourcecode.c.h; path = Texture.h; sourceTree = "<group>"; };
		A3EE724028822CA80026664A /* Window.h */ = {isa = PBXFileReference; fileEncoding = 4; lastKnownFileType = sourcecode.c.h; path = Window.h; sourceTree = "<group>"; };
		A3EE724328822CA80026664A /* SceneManager.h */ = {isa = PBXFileReference; fileEncoding = 4; lastKnownFileType = sourcecode.c.h; path = SceneManager.h; sourceTree = "<group>"; };
		A3EE724428822CA80026664A /* FontManager.h */ = {isa = PBXFileReference; fileEncoding = 4; lastKnownFileType = sourcecode.c.h; path = FontManager.h; sourceTree = "<group>"; };
		A3EE724528822CA80026664A /* Canvas.h */ = {isa = PBXFileReference; fileEncoding = 4; lastKnownFileType = sourcecode.c.h; path = Canvas.h; sourceTree = "<group>"; };
		A3EE724728822CA80026664A /* SoundManager.h */ = {isa = PBXFileReference; fileEncoding = 4; lastKnownFileType = sourcecode.c.h; path = SoundManager.h; sourceTree = "<group>"; };
		A3EE724928822CA80026664A /* ParticleSystem.h */ = {isa = PBXFileReference; fileEncoding = 4; lastKnownFileType = sourcecode.c.h; path = ParticleSystem.h; sourceTree = "<group>"; };
		A3EE724B28822CA80026664A /* FileManager.h */ = {isa = PBXFileReference; fileEncoding = 4; lastKnownFileType = sourcecode.c.h; path = FileManager.h; sourceTree = "<group>"; };
		A3EE724D28822CA80026664A /* ECSManager.h */ = {isa = PBXFileReference; fileEncoding = 4; lastKnownFileType = sourcecode.c.h; path = ECSManager.h; sourceTree = "<group>"; };
		A3EE724E28822CA80026664A /* ECSSystem.h */ = {isa = PBXFileReference; fileEncoding = 4; lastKnownFileType = sourcecode.c.h; path = ECSSystem.h; sourceTree = "<group>"; };
		A3EE725128822CA80026664A /* Input.h */ = {isa = PBXFileReference; fileEncoding = 4; lastKnownFileType = sourcecode.c.h; path = Input.h; sourceTree = "<group>"; };
		A3EE725228822CA80026664A /* ControllerInput.h */ = {isa = PBXFileReference; fileEncoding = 4; lastKnownFileType = sourcecode.c.h; path = ControllerInput.h; sourceTree = "<group>"; };
		A3EE725328822CA80026664A /* MobileInput.h */ = {isa = PBXFileReference; fileEncoding = 4; lastKnownFileType = sourcecode.c.h; path = MobileInput.h; sourceTree = "<group>"; };
		A3EE725428822CA80026664A /* MouseInput.h */ = {isa = PBXFileReference; fileEncoding = 4; lastKnownFileType = sourcecode.c.h; path = MouseInput.h; sourceTree = "<group>"; };
		A3EE725528822CA80026664A /* WindowInput.h */ = {isa = PBXFileReference; fileEncoding = 4; lastKnownFileType = sourcecode.c.h; path = WindowInput.h; sourceTree = "<group>"; };
		A3EE725628822CA80026664A /* KeyboardInput.h */ = {isa = PBXFileReference; fileEncoding = 4; lastKnownFileType = sourcecode.c.h; path = KeyboardInput.h; sourceTree = "<group>"; };
		A3EE725828822CA80026664A /* MouseKeys.h */ = {isa = PBXFileReference; fileEncoding = 4; lastKnownFileType = sourcecode.c.h; path = MouseKeys.h; sourceTree = "<group>"; };
		A3EE725928822CA80026664A /* KeyboardKeys.h */ = {isa = PBXFileReference; fileEncoding = 4; lastKnownFileType = sourcecode.c.h; path = KeyboardKeys.h; sourceTree = "<group>"; };
		A3EE725A28822CA80026664A /* ControllerButtons.h */ = {isa = PBXFileReference; fileEncoding = 4; lastKnownFileType = sourcecode.c.h; path = ControllerButtons.h; sourceTree = "<group>"; };
		A3EE725C28822CA80026664A /* ConfigManager.h */ = {isa = PBXFileReference; fileEncoding = 4; lastKnownFileType = sourcecode.c.h; path = ConfigManager.h; sourceTree = "<group>"; };
		A3EE725E28822CA80026664A /* Profiler.h */ = {isa = PBXFileReference; fileEncoding = 4; lastKnownFileType = sourcecode.c.h; path = Profiler.h; sourceTree = "<group>"; };
		A3EE726028822CA80026664A /* Animation.h */ = {isa = PBXFileReference; fileEncoding = 4; lastKnownFileType = sourcecode.c.h; path = Animation.h; sourceTree = "<group>"; };
		A3EE726128822CA80026664A /* AnimationSystem.h */ = {isa = PBXFileReference; fileEncoding = 4; lastKnownFileType = sourcecode.c.h; path = AnimationSystem.h; sourceTree = "<group>"; };
		A3EE726328822CA80026664A /* ControllerEvent.h */ = {isa = PBXFileReference; fileEncoding = 4; lastKnownFileType = sourcecode.c.h; path = ControllerEvent.h; sourceTree = "<group>"; };
		A3EE726428822CA80026664A /* Event.h */ = {isa = PBXFileReference; fileEncoding = 4; lastKnownFileType = sourcecode.c.h; path = Event.h; sourceTree = "<group>"; };
		A3EE726528822CA80026664A /* KeyEvent.h */ = {isa = PBXFileReference; fileEncoding = 4; lastKnownFileType = sourcecode.c.h; path = KeyEvent.h; sourceTree = "<group>"; };
		A3EE726628822CA80026664A /* MobileEvent.h */ = {isa = PBXFileReference; fileEncoding = 4; lastKnownFileType = sourcecode.c.h; path = MobileEvent.h; sourceTree = "<group>"; };
		A3EE726728822CA80026664A /* WindowEvent.h */ = {isa = PBXFileReference; fileEncoding = 4; lastKnownFileType = sourcecode.c.h; path = WindowEvent.h; sourceTree = "<group>"; };
		A3EE726828822CA80026664A /* EventBus.h */ = {isa = PBXFileReference; fileEncoding = 4; lastKnownFileType = sourcecode.c.h; path = EventBus.h; sourceTree = "<group>"; };
		A3EE726928822CA80026664A /* MouseEvent.h */ = {isa = PBXFileReference; fileEncoding = 4; lastKnownFileType = sourcecode.c.h; path = MouseEvent.h; sourceTree = "<group>"; };
		A3EE726B28822CA80026664A /* Console.h */ = {isa = PBXFileReference; fileEncoding = 4; lastKnownFileType = sourcecode.c.h; path = Console.h; sourceTree = "<group>"; };
		A3EE726D28822CA80026664A /* PhysicsManager.h */ = {isa = PBXFileReference; fileEncoding = 4; lastKnownFileType = sourcecode.c.h; path = PhysicsManager.h; sourceTree = "<group>"; };
		A3EE726F28822CA80026664A /* CellularAutomataMapGenerator.h */ = {isa = PBXFileReference; fileEncoding = 4; lastKnownFileType = sourcecode.c.h; path = CellularAutomataMapGenerator.h; sourceTree = "<group>"; };
		A3EE727028822CA80026664A /* GDE.h */ = {isa = PBXFileReference; fileEncoding = 4; lastKnownFileType = sourcecode.c.h; path = GDE.h; sourceTree = "<group>"; };
		A3EE727528822CA80026664A /* Clock.cpp */ = {isa = PBXFileReference; fileEncoding = 4; lastKnownFileType = sourcecode.cpp.cpp; path = Clock.cpp; sourceTree = "<group>"; };
		A3EE727628822CA80026664A /* Color.cpp */ = {isa = PBXFileReference; fileEncoding = 4; lastKnownFileType = sourcecode.cpp.cpp; path = Color.cpp; sourceTree = "<group>"; };
		A3EE727828822CA80026664A /* Platform.cpp */ = {isa = PBXFileReference; fileEncoding = 4; lastKnownFileType = sourcecode.cpp.cpp; path = Platform.cpp; sourceTree = "<group>"; };
		A3EE727A28822CA80026664A /* ImGuiScene.cpp */ = {isa = PBXFileReference; fileEncoding = 4; lastKnownFileType = sourcecode.cpp.cpp; path = ImGuiScene.cpp; sourceTree = "<group>"; };
		A3EE727B28822CA80026664A /* Scene.cpp */ = {isa = PBXFileReference; fileEncoding = 4; lastKnownFileType = sourcecode.cpp.cpp; path = Scene.cpp; sourceTree = "<group>"; };
		A3EE727C28822CA80026664A /* Components.cpp */ = {isa = PBXFileReference; fileEncoding = 4; lastKnownFileType = sourcecode.cpp.cpp; path = Components.cpp; sourceTree = "<group>"; };
		A3EE727D28822CA80026664A /* Graph.cpp */ = {isa = PBXFileReference; fileEncoding = 4; lastKnownFileType = sourcecode.cpp.cpp; path = Graph.cpp; sourceTree = "<group>"; };
		A3EE727F28822CA80026664A /* Camera.cpp */ = {isa = PBXFileReference; fileEncoding = 4; lastKnownFileType = sourcecode.cpp.cpp; path = Camera.cpp; sourceTree = "<group>"; };
		A3EE728128822CA80026664A /* TextureAtlasManager.cpp */ = {isa = PBXFileReference; fileEncoding = 4; lastKnownFileType = sourcecode.cpp.cpp; path = TextureAtlasManager.cpp; sourceTree = "<group>"; };
		A3EE728228822CA80026664A /* SpriteBatch.cpp */ = {isa = PBXFileReference; fileEncoding = 4; lastKnownFileType = sourcecode.cpp.cpp; path = SpriteBatch.cpp; sourceTree = "<group>"; };
		A3EE728328822CA80026664A /* FrameBuffer.cpp */ = {isa = PBXFileReference; fileEncoding = 4; lastKnownFileType = sourcecode.cpp.cpp; path = FrameBuffer.cpp; sourceTree = "<group>"; };
		A3EE728428822CA80026664A /* Texture.cpp */ = {isa = PBXFileReference; fileEncoding = 4; lastKnownFileType = sourcecode.cpp.cpp; path = Texture.cpp; sourceTree = "<group>"; };
		A3EE728528822CA80026664A /* Shader.cpp */ = {isa = PBXFileReference; fileEncoding = 4; lastKnownFileType = sourcecode.cpp.cpp; path = Shader.cpp; sourceTree = "<group>"; };
		A3EE728628822CA80026664A /* ShaderManager.cpp */ = {isa = PBXFileReference; fileEncoding = 4; lastKnownFileType = sourcecode.cpp.cpp; path = ShaderManager.cpp; sourceTree = "<group>"; };
		A3EE728828822CA80026664A /* Window.cpp */ = {isa = PBXFileReference; fileEncoding = 4; lastKnownFileType = sourcecode.cpp.cpp; path = Window.cpp; sourceTree = "<group>"; };
		A3EE728928822CA80026664A /* ViewPort.cpp */ = {isa = PBXFileReference; fileEncoding = 4; lastKnownFileType = sourcecode.cpp.cpp; path = ViewPort.cpp; sourceTree = "<group>"; };
		A3EE728A28822CA80026664A /* Renderer.cpp */ = {isa = PBXFileReference; fileEncoding = 4; lastKnownFileType = sourcecode.cpp.cpp; path = Renderer.cpp; sourceTree = "<group>"; };
		A3EE728B28822CA80026664A /* Manager.cpp */ = {isa = PBXFileReference; fileEncoding = 4; lastKnownFileType = sourcecode.cpp.cpp; path = Manager.cpp; sourceTree = "<group>"; };
		A3EE728C28822CA80026664A /* Engine.cpp */ = {isa = PBXFileReference; fileEncoding = 4; lastKnownFileType = sourcecode.cpp.cpp; path = Engine.cpp; sourceTree = "<group>"; };
		A3EE728F28822CA80026664A /* Canvas.cpp */ = {isa = PBXFileReference; fileEncoding = 4; lastKnownFileType = sourcecode.cpp.cpp; path = Canvas.cpp; sourceTree = "<group>"; };
		A3EE729028822CA80026664A /* SceneManager.cpp */ = {isa = PBXFileReference; fileEncoding = 4; lastKnownFileType = sourcecode.cpp.cpp; path = SceneManager.cpp; sourceTree = "<group>"; };
		A3EE729128822CA80026664A /* FontManager.cpp */ = {isa = PBXFileReference; fileEncoding = 4; lastKnownFileType = sourcecode.cpp.cpp; path = FontManager.cpp; sourceTree = "<group>"; };
		A3EE729328822CA80026664A /* SoundManager.cpp */ = {isa = PBXFileReference; fileEncoding = 4; lastKnownFileType = sourcecode.cpp.cpp; path = SoundManager.cpp; sourceTree = "<group>"; };
		A3EE729528822CA80026664A /* ParticleSystem.cpp */ = {isa = PBXFileReference; fileEncoding = 4; lastKnownFileType = sourcecode.cpp.cpp; path = ParticleSystem.cpp; sourceTree = "<group>"; };
		A3EE729728822CA80026664A /* FileManager.cpp */ = {isa = PBXFileReference; fileEncoding = 4; lastKnownFileType = sourcecode.cpp.cpp; path = FileManager.cpp; sourceTree = "<group>"; };
		A3EE729928822CA80026664A /* ECSManager.cpp */ = {isa = PBXFileReference; fileEncoding = 4; lastKnownFileType = sourcecode.cpp.cpp; path = ECSManager.cpp; sourceTree = "<group>"; };
		A3EE729B28822CA80026664A /* ControllerInput.cpp */ = {isa = PBXFileReference; fileEncoding = 4; lastKnownFileType = sourcecode.cpp.cpp; path = ControllerInput.cpp; sourceTree = "<group>"; };
		A3EE729C28822CA80026664A /* Input.cpp */ = {isa = PBXFileReference; fileEncoding = 4; lastKnownFileType = sourcecode.cpp.cpp; path = Input.cpp; sourceTree = "<group>"; };
		A3EE729D28822CA80026664A /* WindowInput.cpp */ = {isa = PBXFileReference; fileEncoding = 4; lastKnownFileType = sourcecode.cpp.cpp; path = WindowInput.cpp; sourceTree = "<group>"; };
		A3EE729E28822CA80026664A /* MobileInput.cpp */ = {isa = PBXFileReference; fileEncoding = 4; lastKnownFileType = sourcecode.cpp.cpp; path = MobileInput.cpp; sourceTree = "<group>"; };
		A3EE729F28822CA80026664A /* KeyboardInput.cpp */ = {isa = PBXFileReference; fileEncoding = 4; lastKnownFileType = sourcecode.cpp.cpp; path = KeyboardInput.cpp; sourceTree = "<group>"; };
		A3EE72A028822CA80026664A /* MouseInput.cpp */ = {isa = PBXFileReference; fileEncoding = 4; lastKnownFileType = sourcecode.cpp.cpp; path = MouseInput.cpp; sourceTree = "<group>"; };
		A3EE72A228822CA80026664A /* ConfigManager.cpp */ = {isa = PBXFileReference; fileEncoding = 4; lastKnownFileType = sourcecode.cpp.cpp; path = ConfigManager.cpp; sourceTree = "<group>"; };
		A3EE72A428822CA80026664A /* Profiler.cpp */ = {isa = PBXFileReference; fileEncoding = 4; lastKnownFileType = sourcecode.cpp.cpp; path = Profiler.cpp; sourceTree = "<group>"; };
		A3EE72A628822CA80026664A /* AnimationSystem.cpp */ = {isa = PBXFileReference; fileEncoding = 4; lastKnownFileType = sourcecode.cpp.cpp; path = AnimationSystem.cpp; sourceTree = "<group>"; };
		A3EE72A728822CA80026664A /* Animation.cpp */ = {isa = PBXFileReference; fileEncoding = 4; lastKnownFileType = sourcecode.cpp.cpp; path = Animation.cpp; sourceTree = "<group>"; };
		A3EE72A928822CA80026664A /* Console.cpp */ = {isa = PBXFileReference; fileEncoding = 4; lastKnownFileType = sourcecode.cpp.cpp; path = Console.cpp; sourceTree = "<group>"; };
		A3EE72AB28822CA80026664A /* PhysicsManager.cpp */ = {isa = PBXFileReference; fileEncoding = 4; lastKnownFileType = sourcecode.cpp.cpp; path = PhysicsManager.cpp; sourceTree = "<group>"; };
		A3EE72AD28822CA80026664A /* CellularAutomataMapGenerator.cpp */ = {isa = PBXFileReference; fileEncoding = 4; lastKnownFileType = sourcecode.cpp.cpp; path = CellularAutomataMapGenerator.cpp; sourceTree = "<group>"; };
		A3EE778728822EC90026664A /* assets */ = {isa = PBXFileReference; lastKnownFileType = folder; name = assets; path = ../GDE/assets; sourceTree = "<group>"; };
		FA8B4B96196703B400F8EB7C /* CoreMotion.framework */ = {isa = PBXFileReference; lastKnownFileType = wrapper.framework; name = CoreMotion.framework; path = System/Library/Frameworks/CoreMotion.framework; sourceTree = SDKROOT; };
		FAE0E9641BAF967F0098DFA4 /* GameController.framework */ = {isa = PBXFileReference; lastKnownFileType = wrapper.framework; name = GameController.framework; path = System/Library/Frameworks/GameController.framework; sourceTree = SDKROOT; };
		FD779EDD0E26BA1200F39101 /* CoreAudio.framework */ = {isa = PBXFileReference; lastKnownFileType = wrapper.framework; name = CoreAudio.framework; path = System/Library/Frameworks/CoreAudio.framework; sourceTree = SDKROOT; };
		FD77A07C0E26BD8C00F39101 /* Icon.png */ = {isa = PBXFileReference; lastKnownFileType = image.png; path = Icon.png; sourceTree = "<group>"; };
		FD77A07E0E26BDA900F39101 /* Default.png */ = {isa = PBXFileReference; lastKnownFileType = image.png; path = Default.png; sourceTree = "<group>"; };
		FD77A0840E26BDB800F39101 /* AudioToolbox.framework */ = {isa = PBXFileReference; lastKnownFileType = wrapper.framework; name = AudioToolbox.framework; path = System/Library/Frameworks/AudioToolbox.framework; sourceTree = SDKROOT; };
		FDB8BFC50E5A0F6A00980157 /* CoreGraphics.framework */ = {isa = PBXFileReference; lastKnownFileType = wrapper.framework; name = CoreGraphics.framework; path = System/Library/Frameworks/CoreGraphics.framework; sourceTree = SDKROOT; };
/* End PBXFileReference section */

/* Begin PBXFrameworksBuildPhase section */
		1D60588F0D05DD3D006BFB54 /* Frameworks */ = {
			isa = PBXFrameworksBuildPhase;
			buildActionMask = 2147483647;
			files = (
				A3A72D5828AC8EFD00EEA048 /* libBox2DiOSLib.a in Frameworks */,
				A3A72D5928AC8EFD00EEA048 /* libFreetype2.a in Frameworks */,
				A3A72D5A28AC8EFD00EEA048 /* libgdeiOSLib.a in Frameworks */,
				A3A72D5B28AC8EFD00EEA048 /* libglmiOSLib.a in Frameworks */,
				A3A72D5C28AC8EFD00EEA048 /* libSDL2.a in Frameworks */,
				A3A72D5D28AC8EFD00EEA048 /* libSDL2_image.a in Frameworks */,
				A3A72D5E28AC8EFD00EEA048 /* libSDL2_mixer.a in Frameworks */,
				FA8B4B97196703B400F8EB7C /* CoreMotion.framework in Frameworks */,
				A301CEA42881A78F00576725 /* CoreHaptics.framework in Frameworks */,
				A301CEA12881A65800576725 /* AVFoundation.framework in Frameworks */,
				A301D5AA2881B64A00576725 /* OpenGLES.framework in Frameworks */,
				A301CE9A2881A0A900576725 /* UIKit.framework in Frameworks */,
				A301CE9928819EDB00576725 /* CoreBluetooth.framework in Frameworks */,
				A37985C02881006F009EAB14 /* Metal.framework in Frameworks */,
				A37955472880D64B009EAB14 /* CoreServices.framework in Frameworks */,
				A333DB33287FAB4C00EE7AEB /* CoreTelephony.framework in Frameworks */,
				A333DB2F287FAB3700EE7AEB /* SystemConfiguration.framework in Frameworks */,
				A333DB2B287FAB2200EE7AEB /* ImageIO.framework in Frameworks */,
				A333DB29287FAB1600EE7AEB /* CoreData.framework in Frameworks */,
				FAE0E9651BAF967F0098DFA4 /* GameController.framework in Frameworks */,
				1D60589F0D05DD5A006BFB54 /* Foundation.framework in Frameworks */,
				28FD15080DC6FC5B0079059D /* QuartzCore.framework in Frameworks */,
				FD779EDE0E26BA1200F39101 /* CoreAudio.framework in Frameworks */,
				FD77A0850E26BDB800F39101 /* AudioToolbox.framework in Frameworks */,
				FDB8BFC60E5A0F6A00980157 /* CoreGraphics.framework in Frameworks */,
			);
			runOnlyForDeploymentPostprocessing = 0;
		};
/* End PBXFrameworksBuildPhase section */

/* Begin PBXGroup section */
		19C28FACFE9D520D11CA2CBB /* Products */ = {
			isa = PBXGroup;
			children = (
				1D6058910D05DD3D006BFB54 /* GDEiOS.app */,
			);
			name = Products;
			sourceTree = "<group>";
		};
		29B97314FDCFA39411CA2CEA /* CustomTemplate */ = {
			isa = PBXGroup;
			children = (
				A301CEA52881A83500576725 /* iOS Launch Screen.storyboard */,
				945C4F52195AF17F00DBBF61 /* Default-568h@2x.png */,
				29B97315FDCFA39411CA2CEA /* Sources */,
				29B97317FDCFA39411CA2CEA /* Resources */,
				29B97323FDCFA39411CA2CEA /* Frameworks */,
				19C28FACFE9D520D11CA2CBB /* Products */,
			);
			name = CustomTemplate;
			sourceTree = "<group>";
		};
		29B97315FDCFA39411CA2CEA /* Sources */ = {
			isa = PBXGroup;
			children = (
				A3855AD128AC800400BC9406 /* gdeiOSLib.xcodeproj */,
				A3855A4028AC798500BC9406 /* Box2DiOSLib.xcodeproj */,
				A3855A0E28AC777500BC9406 /* SDL.xcodeproj */,
				A3855A0328AC776300BC9406 /* SDL_mixer.xcodeproj */,
				A38559F828AC775300BC9406 /* SDL_image.xcodeproj */,
				A38559F228AC770C00BC9406 /* freetype2.xcodeproj */,
				A38559EC28AC76F900BC9406 /* glmiOSLib.xcodeproj */,
				A3EE778728822EC90026664A /* assets */,
				A3EE721228822CA80026664A /* engine */,
			);
			name = Sources;
			sourceTree = "<group>";
		};
		29B97317FDCFA39411CA2CEA /* Resources */ = {
			isa = PBXGroup;
			children = (
				FD77A07E0E26BDA900F39101 /* Default.png */,
				FD77A07C0E26BD8C00F39101 /* Icon.png */,
				8D1107310486CEB800E47090 /* Info.plist */,
			);
			name = Resources;
			sourceTree = "<group>";
		};
		29B97323FDCFA39411CA2CEA /* Frameworks */ = {
			isa = PBXGroup;
			children = (
				A301CEA32881A78F00576725 /* CoreHaptics.framework */,
				A37985BF2881006F009EAB14 /* Metal.framework */,
				A37955462880D64B009EAB14 /* CoreServices.framework */,
				A333DB32287FAB4C00EE7AEB /* CoreTelephony.framework */,
				A333DB2E287FAB3700EE7AEB /* SystemConfiguration.framework */,
				A333DB2C287FAB2A00EE7AEB /* MobileCoreServices.framework */,
				A333DB2A287FAB2200EE7AEB /* ImageIO.framework */,
				A333DB28287FAB1600EE7AEB /* CoreData.framework */,
				A3AD3E56287E34EA00A9C241 /* CoreBluetooth.framework */,
				A3AD3E4E287E335200A9C241 /* AVFAudio.framework */,
				A3AD3E4F287E335200A9C241 /* AVKit.framework */,
				A3AD3E4C287E332D00A9C241 /* AVFoundation.framework */,
				FAE0E9641BAF967F0098DFA4 /* GameController.framework */,
				FA8B4B96196703B400F8EB7C /* CoreMotion.framework */,
				FDB8BFC50E5A0F6A00980157 /* CoreGraphics.framework */,
				FD77A0840E26BDB800F39101 /* AudioToolbox.framework */,
				FD779EDD0E26BA1200F39101 /* CoreAudio.framework */,
				28FD15070DC6FC5B0079059D /* QuartzCore.framework */,
				28FD14FF0DC6FC520079059D /* OpenGLES.framework */,
				1DF5F4DF0D08C38300B7A737 /* UIKit.framework */,
				1D30AB110D05D00D00671497 /* Foundation.framework */,
			);
			name = Frameworks;
			sourceTree = "<group>";
		};
		A38559ED28AC76F900BC9406 /* Products */ = {
			isa = PBXGroup;
			children = (
				A38559F128AC76F900BC9406 /* libglmiOSLib.a */,
			);
			name = Products;
			sourceTree = "<group>";
		};
		A38559F328AC770C00BC9406 /* Products */ = {
			isa = PBXGroup;
			children = (
				A38559F728AC770C00BC9406 /* libFreetype2.a */,
			);
			name = Products;
			sourceTree = "<group>";
		};
		A38559F928AC775300BC9406 /* Products */ = {
			isa = PBXGroup;
			children = (
				A3855A0028AC775300BC9406 /* libSDL2_image.a */,
				A3855A0228AC775300BC9406 /* libSDL2_image.a */,
			);
			name = Products;
			sourceTree = "<group>";
		};
		A3855A0428AC776300BC9406 /* Products */ = {
			isa = PBXGroup;
			children = (
				A3855A0B28AC776300BC9406 /* libSDL2_mixer.a */,
				A3855A0D28AC776300BC9406 /* libSDL2_mixer.a */,
			);
			name = Products;
			sourceTree = "<group>";
		};
		A3855A0F28AC777500BC9406 /* Products */ = {
			isa = PBXGroup;
			children = (
				A3855A1C28AC777500BC9406 /* SDL2.framework */,
				A3855A1E28AC777500BC9406 /* SDL2.framework */,
				A3855A2028AC777500BC9406 /* SDL2.framework */,
				A3855A2228AC777500BC9406 /* libSDL2.a */,
				A3855A2428AC777500BC9406 /* libSDL2.a */,
				A3855A2628AC777500BC9406 /* libSDL2.a */,
				A3855A2828AC777500BC9406 /* libSDL2.dylib */,
				A3855A2A28AC777500BC9406 /* libSDL2.dylib */,
				A3855A2C28AC777500BC9406 /* libSDL2.dylib */,
				A3855A2E28AC777500BC9406 /* SDL2 */,
			);
			name = Products;
			sourceTree = "<group>";
		};
		A3855A4128AC798500BC9406 /* Products */ = {
			isa = PBXGroup;
			children = (
				A3855A4528AC798500BC9406 /* libBox2DiOSLib.a */,
			);
			name = Products;
			sourceTree = "<group>";
		};
		A3855AD228AC800400BC9406 /* Products */ = {
			isa = PBXGroup;
			children = (
				A3855AD728AC800500BC9406 /* libgdeiOSLib.a */,
			);
			name = Products;
			sourceTree = "<group>";
		};
		A3EE721228822CA80026664A /* engine */ = {
			isa = PBXGroup;
			children = (
				A3EE721328822CA80026664A /* include */,
				A3EE727228822CA80026664A /* src */,
			);
			name = engine;
			path = ../GDE/engine;
			sourceTree = "<group>";
		};
		A3EE721328822CA80026664A /* include */ = {
			isa = PBXGroup;
			children = (
				A3EE721428822CA80026664A /* core */,
				A3EE727028822CA80026664A /* GDE.h */,
			);
			path = include;
			sourceTree = "<group>";
		};
		A3EE721428822CA80026664A /* core */ = {
			isa = PBXGroup;
			children = (
				A3EE721528822CA80026664A /* Engine.h */,
				A3EE721628822CA80026664A /* Core.h */,
				A3EE721728822CA80026664A /* util */,
				A3EE722528822CA80026664A /* Manager.h */,
				A3EE722628822CA80026664A /* platform */,
				A3EE722B28822CA80026664A /* graph */,
				A3EE723128822CA80026664A /* render */,
				A3EE724128822CA80026664A /* systems */,
				A3EE726E28822CA80026664A /* procedural */,
			);
			path = core;
			sourceTree = "<group>";
		};
		A3EE721728822CA80026664A /* util */ = {
			isa = PBXGroup;
			children = (
				A3EE721828822CA80026664A /* Delegate.h */,
				A3EE721928822CA80026664A /* Easing.h */,
				A3EE721A28822CA80026664A /* Vec.h */,
				A3EE721B28822CA80026664A /* StringUtils.h */,
				A3EE721C28822CA80026664A /* Delta.h */,
				A3EE721D28822CA80026664A /* Color.h */,
				A3EE721E28822CA80026664A /* Rect.h */,
				A3EE721F28822CA80026664A /* Util.h */,
				A3EE722028822CA80026664A /* Functions.h */,
				A3EE722128822CA80026664A /* PerlinNoise.h */,
				A3EE722228822CA80026664A /* Logger.h */,
				A3EE722328822CA80026664A /* Clock.h */,
				A3EE722428822CA80026664A /* Random.h */,
			);
			path = util;
			sourceTree = "<group>";
		};
		A3EE722628822CA80026664A /* platform */ = {
			isa = PBXGroup;
			children = (
				A3EE722728822CA80026664A /* PlatformHeaderSDLMixer.h */,
				A3EE722828822CA80026664A /* PlatformHeaderSDLImage.h */,
				A3EE722928822CA80026664A /* PlatformHeaderSDL.h */,
				A3EE722A28822CA80026664A /* Platform.h */,
			);
			path = platform;
			sourceTree = "<group>";
		};
		A3EE722B28822CA80026664A /* graph */ = {
			isa = PBXGroup;
			children = (
				A3EE722C28822CA80026664A /* ImGuiCore.h */,
				A3EE722D28822CA80026664A /* Graph.h */,
				A3EE722E28822CA80026664A /* ImGuiScene.h */,
				A3EE722F28822CA80026664A /* Components.h */,
				A3EE723028822CA80026664A /* Scene.h */,
			);
			path = graph;
			sourceTree = "<group>";
		};
		A3EE723128822CA80026664A /* render */ = {
			isa = PBXGroup;
			children = (
				A3EE723228822CA80026664A /* Camera.h */,
				A3EE723328822CA80026664A /* Renderer.h */,
				A3EE723428822CA80026664A /* shapes */,
				A3EE723628822CA80026664A /* elements */,
				A3EE723F28822CA80026664A /* window */,
			);
			path = render;
			sourceTree = "<group>";
		};
		A3EE723428822CA80026664A /* shapes */ = {
			isa = PBXGroup;
			children = (
				A3EE723528822CA80026664A /* Shape.h */,
			);
			path = shapes;
			sourceTree = "<group>";
		};
		A3EE723628822CA80026664A /* elements */ = {
			isa = PBXGroup;
			children = (
				A3EE723728822CA80026664A /* TextureAtlasManager.h */,
				A3EE723828822CA80026664A /* Shader.h */,
				A3EE723928822CA80026664A /* ViewPort.h */,
				A3EE723A28822CA80026664A /* FrameBuffer.h */,
				A3EE723B28822CA80026664A /* SpriteBatch.h */,
				A3EE723C28822CA80026664A /* IRenderizable.h */,
				A3EE723D28822CA80026664A /* ShaderManager.h */,
				A3EE723E28822CA80026664A /* Texture.h */,
			);
			path = elements;
			sourceTree = "<group>";
		};
		A3EE723F28822CA80026664A /* window */ = {
			isa = PBXGroup;
			children = (
				A3EE724028822CA80026664A /* Window.h */,
			);
			path = window;
			sourceTree = "<group>";
		};
		A3EE724128822CA80026664A /* systems */ = {
			isa = PBXGroup;
			children = (
				A3EE724228822CA80026664A /* uiSystem */,
				A3EE724628822CA80026664A /* soundSystem */,
				A3EE724828822CA80026664A /* particleSystem */,
				A3EE724A28822CA80026664A /* fileSystem */,
				A3EE724C28822CA80026664A /* ecsSystem */,
				A3EE724F28822CA80026664A /* inputSystem */,
				A3EE725B28822CA80026664A /* configSystem */,
				A3EE725D28822CA80026664A /* profiling */,
				A3EE725F28822CA80026664A /* animationSystem */,
				A3EE726228822CA80026664A /* eventSystem */,
				A3EE726A28822CA80026664A /* console */,
				A3EE726C28822CA80026664A /* physicsSystem */,
			);
			path = systems;
			sourceTree = "<group>";
		};
		A3EE724228822CA80026664A /* uiSystem */ = {
			isa = PBXGroup;
			children = (
				A3EE724328822CA80026664A /* SceneManager.h */,
				A3EE724428822CA80026664A /* FontManager.h */,
				A3EE724528822CA80026664A /* Canvas.h */,
			);
			path = uiSystem;
			sourceTree = "<group>";
		};
		A3EE724628822CA80026664A /* soundSystem */ = {
			isa = PBXGroup;
			children = (
				A3EE724728822CA80026664A /* SoundManager.h */,
			);
			path = soundSystem;
			sourceTree = "<group>";
		};
		A3EE724828822CA80026664A /* particleSystem */ = {
			isa = PBXGroup;
			children = (
				A3EE724928822CA80026664A /* ParticleSystem.h */,
			);
			path = particleSystem;
			sourceTree = "<group>";
		};
		A3EE724A28822CA80026664A /* fileSystem */ = {
			isa = PBXGroup;
			children = (
				A3EE724B28822CA80026664A /* FileManager.h */,
			);
			path = fileSystem;
			sourceTree = "<group>";
		};
		A3EE724C28822CA80026664A /* ecsSystem */ = {
			isa = PBXGroup;
			children = (
				A3EE724D28822CA80026664A /* ECSManager.h */,
				A3EE724E28822CA80026664A /* ECSSystem.h */,
			);
			path = ecsSystem;
			sourceTree = "<group>";
		};
		A3EE724F28822CA80026664A /* inputSystem */ = {
			isa = PBXGroup;
			children = (
				A3EE725028822CA80026664A /* input */,
				A3EE725728822CA80026664A /* keysAndButtons */,
			);
			path = inputSystem;
			sourceTree = "<group>";
		};
		A3EE725028822CA80026664A /* input */ = {
			isa = PBXGroup;
			children = (
				A3EE725128822CA80026664A /* Input.h */,
				A3EE725228822CA80026664A /* ControllerInput.h */,
				A3EE725328822CA80026664A /* MobileInput.h */,
				A3EE725428822CA80026664A /* MouseInput.h */,
				A3EE725528822CA80026664A /* WindowInput.h */,
				A3EE725628822CA80026664A /* KeyboardInput.h */,
			);
			path = input;
			sourceTree = "<group>";
		};
		A3EE725728822CA80026664A /* keysAndButtons */ = {
			isa = PBXGroup;
			children = (
				A3EE725828822CA80026664A /* MouseKeys.h */,
				A3EE725928822CA80026664A /* KeyboardKeys.h */,
				A3EE725A28822CA80026664A /* ControllerButtons.h */,
			);
			path = keysAndButtons;
			sourceTree = "<group>";
		};
		A3EE725B28822CA80026664A /* configSystem */ = {
			isa = PBXGroup;
			children = (
				A3EE725C28822CA80026664A /* ConfigManager.h */,
			);
			path = configSystem;
			sourceTree = "<group>";
		};
		A3EE725D28822CA80026664A /* profiling */ = {
			isa = PBXGroup;
			children = (
				A3EE725E28822CA80026664A /* Profiler.h */,
			);
			path = profiling;
			sourceTree = "<group>";
		};
		A3EE725F28822CA80026664A /* animationSystem */ = {
			isa = PBXGroup;
			children = (
				A3EE726028822CA80026664A /* Animation.h */,
				A3EE726128822CA80026664A /* AnimationSystem.h */,
			);
			path = animationSystem;
			sourceTree = "<group>";
		};
		A3EE726228822CA80026664A /* eventSystem */ = {
			isa = PBXGroup;
			children = (
				A3EE726328822CA80026664A /* ControllerEvent.h */,
				A3EE726428822CA80026664A /* Event.h */,
				A3EE726528822CA80026664A /* KeyEvent.h */,
				A3EE726628822CA80026664A /* MobileEvent.h */,
				A3EE726728822CA80026664A /* WindowEvent.h */,
				A3EE726828822CA80026664A /* EventBus.h */,
				A3EE726928822CA80026664A /* MouseEvent.h */,
			);
			path = eventSystem;
			sourceTree = "<group>";
		};
		A3EE726A28822CA80026664A /* console */ = {
			isa = PBXGroup;
			children = (
				A3EE726B28822CA80026664A /* Console.h */,
			);
			path = console;
			sourceTree = "<group>";
		};
		A3EE726C28822CA80026664A /* physicsSystem */ = {
			isa = PBXGroup;
			children = (
				A3EE726D28822CA80026664A /* PhysicsManager.h */,
			);
			path = physicsSystem;
			sourceTree = "<group>";
		};
		A3EE726E28822CA80026664A /* procedural */ = {
			isa = PBXGroup;
			children = (
				A3EE726F28822CA80026664A /* CellularAutomataMapGenerator.h */,
			);
			path = procedural;
			sourceTree = "<group>";
		};
		A3EE727228822CA80026664A /* src */ = {
			isa = PBXGroup;
			children = (
				A3EE727328822CA80026664A /* core */,
			);
			path = src;
			sourceTree = "<group>";
		};
		A3EE727328822CA80026664A /* core */ = {
			isa = PBXGroup;
			children = (
				A3EE727428822CA80026664A /* util */,
				A3EE727728822CA80026664A /* platform */,
				A3EE727928822CA80026664A /* graph */,
				A3EE727E28822CA80026664A /* render */,
				A3EE728B28822CA80026664A /* Manager.cpp */,
				A3EE728C28822CA80026664A /* Engine.cpp */,
				A3EE728D28822CA80026664A /* systems */,
				A3EE72AC28822CA80026664A /* procedural */,
			);
			path = core;
			sourceTree = "<group>";
		};
		A3EE727428822CA80026664A /* util */ = {
			isa = PBXGroup;
			children = (
				A3EE727528822CA80026664A /* Clock.cpp */,
				A3EE727628822CA80026664A /* Color.cpp */,
			);
			path = util;
			sourceTree = "<group>";
		};
		A3EE727728822CA80026664A /* platform */ = {
			isa = PBXGroup;
			children = (
				A3EE727828822CA80026664A /* Platform.cpp */,
			);
			path = platform;
			sourceTree = "<group>";
		};
		A3EE727928822CA80026664A /* graph */ = {
			isa = PBXGroup;
			children = (
				A3EE727A28822CA80026664A /* ImGuiScene.cpp */,
				A3EE727B28822CA80026664A /* Scene.cpp */,
				A3EE727C28822CA80026664A /* Components.cpp */,
				A3EE727D28822CA80026664A /* Graph.cpp */,
			);
			path = graph;
			sourceTree = "<group>";
		};
		A3EE727E28822CA80026664A /* render */ = {
			isa = PBXGroup;
			children = (
				A3EE727F28822CA80026664A /* Camera.cpp */,
				A3EE728028822CA80026664A /* elements */,
				A3EE728728822CA80026664A /* window */,
				A3EE728928822CA80026664A /* ViewPort.cpp */,
				A3EE728A28822CA80026664A /* Renderer.cpp */,
			);
			path = render;
			sourceTree = "<group>";
		};
		A3EE728028822CA80026664A /* elements */ = {
			isa = PBXGroup;
			children = (
				A3EE728128822CA80026664A /* TextureAtlasManager.cpp */,
				A3EE728228822CA80026664A /* SpriteBatch.cpp */,
				A3EE728328822CA80026664A /* FrameBuffer.cpp */,
				A3EE728428822CA80026664A /* Texture.cpp */,
				A3EE728528822CA80026664A /* Shader.cpp */,
				A3EE728628822CA80026664A /* ShaderManager.cpp */,
			);
			path = elements;
			sourceTree = "<group>";
		};
		A3EE728728822CA80026664A /* window */ = {
			isa = PBXGroup;
			children = (
				A3EE728828822CA80026664A /* Window.cpp */,
			);
			path = window;
			sourceTree = "<group>";
		};
		A3EE728D28822CA80026664A /* systems */ = {
			isa = PBXGroup;
			children = (
				A3EE728E28822CA80026664A /* uiSystem */,
				A3EE729228822CA80026664A /* soundSystem */,
				A3EE729428822CA80026664A /* particleSystem */,
				A3EE729628822CA80026664A /* fileSystem */,
				A3EE729828822CA80026664A /* ecsSystem */,
				A3EE729A28822CA80026664A /* inputSystem */,
				A3EE72A128822CA80026664A /* configSystem */,
				A3EE72A328822CA80026664A /* profiling */,
				A3EE72A528822CA80026664A /* animationSystem */,
				A3EE72A828822CA80026664A /* console */,
				A3EE72AA28822CA80026664A /* physicsSystem */,
			);
			path = systems;
			sourceTree = "<group>";
		};
		A3EE728E28822CA80026664A /* uiSystem */ = {
			isa = PBXGroup;
			children = (
				A3EE728F28822CA80026664A /* Canvas.cpp */,
				A3EE729028822CA80026664A /* SceneManager.cpp */,
				A3EE729128822CA80026664A /* FontManager.cpp */,
			);
			path = uiSystem;
			sourceTree = "<group>";
		};
		A3EE729228822CA80026664A /* soundSystem */ = {
			isa = PBXGroup;
			children = (
				A3EE729328822CA80026664A /* SoundManager.cpp */,
			);
			path = soundSystem;
			sourceTree = "<group>";
		};
		A3EE729428822CA80026664A /* particleSystem */ = {
			isa = PBXGroup;
			children = (
				A3EE729528822CA80026664A /* ParticleSystem.cpp */,
			);
			path = particleSystem;
			sourceTree = "<group>";
		};
		A3EE729628822CA80026664A /* fileSystem */ = {
			isa = PBXGroup;
			children = (
				A3EE729728822CA80026664A /* FileManager.cpp */,
			);
			path = fileSystem;
			sourceTree = "<group>";
		};
		A3EE729828822CA80026664A /* ecsSystem */ = {
			isa = PBXGroup;
			children = (
				A3EE729928822CA80026664A /* ECSManager.cpp */,
			);
			path = ecsSystem;
			sourceTree = "<group>";
		};
		A3EE729A28822CA80026664A /* inputSystem */ = {
			isa = PBXGroup;
			children = (
				A3EE729B28822CA80026664A /* ControllerInput.cpp */,
				A3EE729C28822CA80026664A /* Input.cpp */,
				A3EE729D28822CA80026664A /* WindowInput.cpp */,
				A3EE729E28822CA80026664A /* MobileInput.cpp */,
				A3EE729F28822CA80026664A /* KeyboardInput.cpp */,
				A3EE72A028822CA80026664A /* MouseInput.cpp */,
			);
			path = inputSystem;
			sourceTree = "<group>";
		};
		A3EE72A128822CA80026664A /* configSystem */ = {
			isa = PBXGroup;
			children = (
				A3EE72A228822CA80026664A /* ConfigManager.cpp */,
			);
			path = configSystem;
			sourceTree = "<group>";
		};
		A3EE72A328822CA80026664A /* profiling */ = {
			isa = PBXGroup;
			children = (
				A3EE72A428822CA80026664A /* Profiler.cpp */,
			);
			path = profiling;
			sourceTree = "<group>";
		};
		A3EE72A528822CA80026664A /* animationSystem */ = {
			isa = PBXGroup;
			children = (
				A3EE72A628822CA80026664A /* AnimationSystem.cpp */,
				A3EE72A728822CA80026664A /* Animation.cpp */,
			);
			path = animationSystem;
			sourceTree = "<group>";
		};
		A3EE72A828822CA80026664A /* console */ = {
			isa = PBXGroup;
			children = (
				A3EE72A928822CA80026664A /* Console.cpp */,
			);
			path = console;
			sourceTree = "<group>";
		};
		A3EE72AA28822CA80026664A /* physicsSystem */ = {
			isa = PBXGroup;
			children = (
				A3EE72AB28822CA80026664A /* PhysicsManager.cpp */,
			);
			path = physicsSystem;
			sourceTree = "<group>";
		};
		A3EE72AC28822CA80026664A /* procedural */ = {
			isa = PBXGroup;
			children = (
				A3EE72AD28822CA80026664A /* CellularAutomataMapGenerator.cpp */,
			);
			path = procedural;
			sourceTree = "<group>";
		};
/* End PBXGroup section */

/* Begin PBXNativeTarget section */
		1D6058900D05DD3D006BFB54 /* GDEiOS */ = {
			isa = PBXNativeTarget;
			buildConfigurationList = 1D6058960D05DD3E006BFB54 /* Build configuration list for PBXNativeTarget "GDEiOS" */;
			buildPhases = (
				1D60588D0D05DD3D006BFB54 /* Resources */,
				1D60588E0D05DD3D006BFB54 /* Sources */,
				1D60588F0D05DD3D006BFB54 /* Frameworks */,
			);
			buildRules = (
			);
			dependencies = (
			);
			name = GDEiOS;
			productName = "___PROJECTNAME___";
			productReference = 1D6058910D05DD3D006BFB54 /* GDEiOS.app */;
			productType = "com.apple.product-type.application";
		};
/* End PBXNativeTarget section */

/* Begin PBXProject section */
		29B97313FDCFA39411CA2CEA /* Project object */ = {
			isa = PBXProject;
			attributes = {
				LastUpgradeCheck = 1320;
			};
			buildConfigurationList = C01FCF4E08A954540054247B /* Build configuration list for PBXProject "GDEiOS" */;
			compatibilityVersion = "Xcode 10.0";
			developmentRegion = en;
			hasScannedForEncodings = 1;
			knownRegions = (
				Base,
				en,
				ja,
				fr,
				de,
				English,
			);
			mainGroup = 29B97314FDCFA39411CA2CEA /* CustomTemplate */;
			projectDirPath = "";
			projectReferences = (
				{
					ProductGroup = A3855A4128AC798500BC9406 /* Products */;
					ProjectRef = A3855A4028AC798500BC9406 /* Box2DiOSLib.xcodeproj */;
				},
				{
					ProductGroup = A38559F328AC770C00BC9406 /* Products */;
					ProjectRef = A38559F228AC770C00BC9406 /* freetype2.xcodeproj */;
				},
				{
					ProductGroup = A3855AD228AC800400BC9406 /* Products */;
					ProjectRef = A3855AD128AC800400BC9406 /* gdeiOSLib.xcodeproj */;
				},
				{
					ProductGroup = A38559ED28AC76F900BC9406 /* Products */;
					ProjectRef = A38559EC28AC76F900BC9406 /* glmiOSLib.xcodeproj */;
				},
				{
					ProductGroup = A3855A0F28AC777500BC9406 /* Products */;
					ProjectRef = A3855A0E28AC777500BC9406 /* SDL.xcodeproj */;
				},
				{
					ProductGroup = A38559F928AC775300BC9406 /* Products */;
					ProjectRef = A38559F828AC775300BC9406 /* SDL_image.xcodeproj */;
				},
				{
					ProductGroup = A3855A0428AC776300BC9406 /* Products */;
					ProjectRef = A3855A0328AC776300BC9406 /* SDL_mixer.xcodeproj */;
				},
			);
			projectRoot = "";
			targets = (
				1D6058900D05DD3D006BFB54 /* GDEiOS */,
			);
		};
/* End PBXProject section */

/* Begin PBXReferenceProxy section */
		A38559F128AC76F900BC9406 /* libglmiOSLib.a */ = {
			isa = PBXReferenceProxy;
			fileType = archive.ar;
			path = libglmiOSLib.a;
			remoteRef = A38559F028AC76F900BC9406 /* PBXContainerItemProxy */;
			sourceTree = BUILT_PRODUCTS_DIR;
		};
		A38559F728AC770C00BC9406 /* libFreetype2.a */ = {
			isa = PBXReferenceProxy;
			fileType = archive.ar;
			path = libFreetype2.a;
			remoteRef = A38559F628AC770C00BC9406 /* PBXContainerItemProxy */;
			sourceTree = BUILT_PRODUCTS_DIR;
		};
		A3855A0028AC775300BC9406 /* libSDL2_image.a */ = {
			isa = PBXReferenceProxy;
			fileType = archive.ar;
			path = libSDL2_image.a;
			remoteRef = A38559FF28AC775300BC9406 /* PBXContainerItemProxy */;
			sourceTree = BUILT_PRODUCTS_DIR;
		};
		A3855A0228AC775300BC9406 /* libSDL2_image.a */ = {
			isa = PBXReferenceProxy;
			fileType = archive.ar;
			path = libSDL2_image.a;
			remoteRef = A3855A0128AC775300BC9406 /* PBXContainerItemProxy */;
			sourceTree = BUILT_PRODUCTS_DIR;
		};
		A3855A0B28AC776300BC9406 /* libSDL2_mixer.a */ = {
			isa = PBXReferenceProxy;
			fileType = archive.ar;
			path = libSDL2_mixer.a;
			remoteRef = A3855A0A28AC776300BC9406 /* PBXContainerItemProxy */;
			sourceTree = BUILT_PRODUCTS_DIR;
		};
		A3855A0D28AC776300BC9406 /* libSDL2_mixer.a */ = {
			isa = PBXReferenceProxy;
			fileType = archive.ar;
			path = libSDL2_mixer.a;
			remoteRef = A3855A0C28AC776300BC9406 /* PBXContainerItemProxy */;
			sourceTree = BUILT_PRODUCTS_DIR;
		};
		A3855A1C28AC777500BC9406 /* SDL2.framework */ = {
			isa = PBXReferenceProxy;
			fileType = wrapper.framework;
			path = SDL2.framework;
			remoteRef = A3855A1B28AC777500BC9406 /* PBXContainerItemProxy */;
			sourceTree = BUILT_PRODUCTS_DIR;
		};
		A3855A1E28AC777500BC9406 /* SDL2.framework */ = {
			isa = PBXReferenceProxy;
			fileType = wrapper.framework;
			path = SDL2.framework;
			remoteRef = A3855A1D28AC777500BC9406 /* PBXContainerItemProxy */;
			sourceTree = BUILT_PRODUCTS_DIR;
		};
		A3855A2028AC777500BC9406 /* SDL2.framework */ = {
			isa = PBXReferenceProxy;
			fileType = wrapper.framework;
			path = SDL2.framework;
			remoteRef = A3855A1F28AC777500BC9406 /* PBXContainerItemProxy */;
			sourceTree = BUILT_PRODUCTS_DIR;
		};
		A3855A2228AC777500BC9406 /* libSDL2.a */ = {
			isa = PBXReferenceProxy;
			fileType = archive.ar;
			path = libSDL2.a;
			remoteRef = A3855A2128AC777500BC9406 /* PBXContainerItemProxy */;
			sourceTree = BUILT_PRODUCTS_DIR;
		};
		A3855A2428AC777500BC9406 /* libSDL2.a */ = {
			isa = PBXReferenceProxy;
			fileType = archive.ar;
			path = libSDL2.a;
			remoteRef = A3855A2328AC777500BC9406 /* PBXContainerItemProxy */;
			sourceTree = BUILT_PRODUCTS_DIR;
		};
		A3855A2628AC777500BC9406 /* libSDL2.a */ = {
			isa = PBXReferenceProxy;
			fileType = archive.ar;
			path = libSDL2.a;
			remoteRef = A3855A2528AC777500BC9406 /* PBXContainerItemProxy */;
			sourceTree = BUILT_PRODUCTS_DIR;
		};
		A3855A2828AC777500BC9406 /* libSDL2.dylib */ = {
			isa = PBXReferenceProxy;
			fileType = "compiled.mach-o.dylib";
			path = libSDL2.dylib;
			remoteRef = A3855A2728AC777500BC9406 /* PBXContainerItemProxy */;
			sourceTree = BUILT_PRODUCTS_DIR;
		};
		A3855A2A28AC777500BC9406 /* libSDL2.dylib */ = {
			isa = PBXReferenceProxy;
			fileType = "compiled.mach-o.dylib";
			path = libSDL2.dylib;
			remoteRef = A3855A2928AC777500BC9406 /* PBXContainerItemProxy */;
			sourceTree = BUILT_PRODUCTS_DIR;
		};
		A3855A2C28AC777500BC9406 /* libSDL2.dylib */ = {
			isa = PBXReferenceProxy;
			fileType = "compiled.mach-o.dylib";
			path = libSDL2.dylib;
			remoteRef = A3855A2B28AC777500BC9406 /* PBXContainerItemProxy */;
			sourceTree = BUILT_PRODUCTS_DIR;
		};
		A3855A2E28AC777500BC9406 /* SDL2 */ = {
			isa = PBXReferenceProxy;
			fileType = "compiled.mach-o.executable";
			path = SDL2;
			remoteRef = A3855A2D28AC777500BC9406 /* PBXContainerItemProxy */;
			sourceTree = BUILT_PRODUCTS_DIR;
		};
		A3855A4528AC798500BC9406 /* libBox2DiOSLib.a */ = {
			isa = PBXReferenceProxy;
			fileType = archive.ar;
			path = libBox2DiOSLib.a;
			remoteRef = A3855A4428AC798500BC9406 /* PBXContainerItemProxy */;
			sourceTree = BUILT_PRODUCTS_DIR;
		};
		A3855AD728AC800500BC9406 /* libgdeiOSLib.a */ = {
			isa = PBXReferenceProxy;
			fileType = archive.ar;
			path = libgdeiOSLib.a;
			remoteRef = A3855AD628AC800500BC9406 /* PBXContainerItemProxy */;
			sourceTree = BUILT_PRODUCTS_DIR;
		};
/* End PBXReferenceProxy section */

/* Begin PBXResourcesBuildPhase section */
		1D60588D0D05DD3D006BFB54 /* Resources */ = {
			isa = PBXResourcesBuildPhase;
			buildActionMask = 2147483647;
			files = (
				FD77A07D0E26BD8C00F39101 /* Icon.png in Resources */,
				A301CEA62881A83500576725 /* iOS Launch Screen.storyboard in Resources */,
				FD77A07F0E26BDA900F39101 /* Default.png in Resources */,
				A3EE778828822EC90026664A /* assets in Resources */,
				945C4F53195AF17F00DBBF61 /* Default-568h@2x.png in Resources */,
			);
			runOnlyForDeploymentPostprocessing = 0;
		};
/* End PBXResourcesBuildPhase section */

/* Begin PBXSourcesBuildPhase section */
		1D60588E0D05DD3D006BFB54 /* Sources */ = {
			isa = PBXSourcesBuildPhase;
			buildActionMask = 2147483647;
			files = (
				A3EE72B128822CA80026664A /* Platform.cpp in Sources */,
				A3EE72BA28822CA80026664A /* Texture.cpp in Sources */,
				A3EE72C428822CA80026664A /* FontManager.cpp in Sources */,
				A3EE72CB28822CA80026664A /* WindowInput.cpp in Sources */,
				A3EE72C728822CA80026664A /* FileManager.cpp in Sources */,
				A3EE72B828822CA80026664A /* SpriteBatch.cpp in Sources */,
				A3EE72B728822CA80026664A /* TextureAtlasManager.cpp in Sources */,
				A3EE72C128822CA80026664A /* Engine.cpp in Sources */,
				A3EE72D028822CA80026664A /* Profiler.cpp in Sources */,
				A3EE72CE28822CA80026664A /* MouseInput.cpp in Sources */,
				A3EE72CC28822CA80026664A /* MobileInput.cpp in Sources */,
				A3EE72BC28822CA80026664A /* ShaderManager.cpp in Sources */,
				A3EE72BB28822CA80026664A /* Shader.cpp in Sources */,
				A3EE72B528822CA80026664A /* Graph.cpp in Sources */,
				A3EE72C028822CA80026664A /* Manager.cpp in Sources */,
				A3EE72B628822CA80026664A /* Camera.cpp in Sources */,
				A3EE72B328822CA80026664A /* Scene.cpp in Sources */,
				A3EE72C628822CA80026664A /* ParticleSystem.cpp in Sources */,
				A3EE72C228822CA80026664A /* Canvas.cpp in Sources */,
				A3EE72BE28822CA80026664A /* ViewPort.cpp in Sources */,
				A3EE72D128822CA80026664A /* AnimationSystem.cpp in Sources */,
				A3EE72D328822CA80026664A /* Console.cpp in Sources */,
				A3EE72B028822CA80026664A /* Color.cpp in Sources */,
				A3EE72C828822CA80026664A /* ECSManager.cpp in Sources */,
				A3EE72C328822CA80026664A /* SceneManager.cpp in Sources */,
				A3EE72CF28822CA80026664A /* ConfigManager.cpp in Sources */,
				A3EE72D528822CA80026664A /* CellularAutomataMapGenerator.cpp in Sources */,
				A3EE72B928822CA80026664A /* FrameBuffer.cpp in Sources */,
				A3EE72B228822CA80026664A /* ImGuiScene.cpp in Sources */,
				A3EE72C928822CA80026664A /* ControllerInput.cpp in Sources */,
				A3EE72CD28822CA80026664A /* KeyboardInput.cpp in Sources */,
				A3EE72BF28822CA80026664A /* Renderer.cpp in Sources */,
				A3EE72AF28822CA80026664A /* Clock.cpp in Sources */,
				A3EE72CA28822CA80026664A /* Input.cpp in Sources */,
				A3EE72D428822CA80026664A /* PhysicsManager.cpp in Sources */,
				A3EE72B428822CA80026664A /* Components.cpp in Sources */,
				A3EE72BD28822CA80026664A /* Window.cpp in Sources */,
				A3EE72D228822CA80026664A /* Animation.cpp in Sources */,
				A3EE72C528822CA80026664A /* SoundManager.cpp in Sources */,
			);
			runOnlyForDeploymentPostprocessing = 0;
		};
/* End PBXSourcesBuildPhase section */

/* Begin XCBuildConfiguration section */
		1D6058940D05DD3E006BFB54 /* Debug */ = {
			isa = XCBuildConfiguration;
			buildSettings = {
				ALWAYS_SEARCH_USER_PATHS = NO;
				CLANG_CXX_LANGUAGE_STANDARD = "c++17";
				CLANG_CXX_LIBRARY = "libc++";
				CLANG_ENABLE_OBJC_WEAK = YES;
				COPY_PHASE_STRIP = NO;
				CURRENT_PROJECT_VERSION = 1.0.1.1;
				DEVELOPMENT_TEAM = L6M74TC795;
				GCC_DYNAMIC_NO_PIC = NO;
				GCC_OPTIMIZATION_LEVEL = 0;
				GCC_PRECOMPILE_PREFIX_HEADER = YES;
				GCC_PREFIX_HEADER = "";
				GCC_PREPROCESSOR_DEFINITIONS = IOS_PLATFORM;
				INFOPLIST_FILE = Info.plist;
				IPHONEOS_DEPLOYMENT_TARGET = 11.4;
				LD_RUNPATH_SEARCH_PATHS = (
					"$(inherited)",
					"@executable_path/Frameworks",
				);
				LIBRARY_SEARCH_PATHS = "$(inherited)";
				MARKETING_VERSION = 1.0.1;
				ONLY_ACTIVE_ARCH = YES;
				OTHER_CPLUSPLUSFLAGS = (
					"$(OTHER_CFLAGS)",
					"-I/Users/borja.vazquez/GDEiOS/modules/SDL/include",
					"-I/Users/borja.vazquez/GDEiOS/modules/json",
					"-I/Users/borja.vazquez/GDEiOS/iOSProjects/Box2DiOSLib/box2d/include",
					"-I/Users/borja.vazquez/GDEiOS/modules/entt/src",
					"-I/Users/borja.vazquez/GDEiOS/iOSProjects/freetype2iOSLib/include",
					"-I/Users/borja.vazquez/GDEiOS/iOSProjects/glmiOSLib",
					"-I/Users/borja.vazquez/GDEiOS/modules/SDL_image",
					"-I/Users/borja.vazquez/GDEiOS/modules/SDL_mixer/include",
					"-I/Users/borja.vazquez/GDE/engine/include",
					"-I/Users/borja.vazquez/GDEiOS/modules/SDL",
				);
				PRODUCT_BUNDLE_IDENTIFIER = com.yourcompany.GDEiOS;
				PRODUCT_NAME = GDEiOS;
				TARGETED_DEVICE_FAMILY = "1,2";
				USER_HEADER_SEARCH_PATHS = (
					../../../include,
					"\"$(SRCROOT)/../GDE/submodules/SDL/Xcode/SDL/SDL.xcodeproj\"",
				);
				USE_HEADERMAP = NO;
			};
			name = Debug;
		};
		1D6058950D05DD3E006BFB54 /* Release */ = {
			isa = XCBuildConfiguration;
			buildSettings = {
				ALWAYS_SEARCH_USER_PATHS = NO;
				CLANG_CXX_LANGUAGE_STANDARD = "c++17";
				CLANG_CXX_LIBRARY = "libc++";
				CLANG_ENABLE_OBJC_WEAK = YES;
				COPY_PHASE_STRIP = YES;
				CURRENT_PROJECT_VERSION = 1.0.1.1;
				DEVELOPMENT_TEAM = L6M74TC795;
				GCC_PRECOMPILE_PREFIX_HEADER = YES;
				GCC_PREFIX_HEADER = "";
				GCC_PREPROCESSOR_DEFINITIONS = IOS_PLATFORM;
				INFOPLIST_FILE = Info.plist;
				IPHONEOS_DEPLOYMENT_TARGET = 11.4;
				LD_RUNPATH_SEARCH_PATHS = (
					"$(inherited)",
					"@executable_path/Frameworks",
				);
				LIBRARY_SEARCH_PATHS = "$(inherited)";
				MARKETING_VERSION = 1.0.1;
				ONLY_ACTIVE_ARCH = NO;
				OTHER_CPLUSPLUSFLAGS = (
					"$(OTHER_CFLAGS)",
					"-I/Users/borja.vazquez/GDEiOS/modules/SDL/include",
					"-I/Users/borja.vazquez/GDEiOS/modules/json",
					"-I/Users/borja.vazquez/GDEiOS/iOSProjects/Box2DiOSLib/box2d/include",
					"-I/Users/borja.vazquez/GDEiOS/modules/entt/src",
					"-I/Users/borja.vazquez/GDEiOS/iOSProjects/freetype2iOSLib/include",
					"-I/Users/borja.vazquez/GDEiOS/iOSProjects/glmiOSLib",
					"-I/Users/borja.vazquez/GDEiOS/modules/SDL_image",
					"-I/Users/borja.vazquez/GDEiOS/modules/SDL_mixer/include",
					"-I/Users/borja.vazquez/GDE/engine/include",
					"-I/Users/borja.vazquez/GDEiOS/modules/SDL",
				);
				PRODUCT_BUNDLE_IDENTIFIER = com.yourcompany.GDEiOS;
				PRODUCT_NAME = GDEiOS;
				TARGETED_DEVICE_FAMILY = "1,2";
				USER_HEADER_SEARCH_PATHS = (
					../../../include,
					"\"$(SRCROOT)/../GDE/submodules/SDL/Xcode/SDL/SDL.xcodeproj\"",
				);
				USE_HEADERMAP = NO;
			};
			name = Release;
		};
		C01FCF4F08A954540054247B /* Debug */ = {
			isa = XCBuildConfiguration;
			buildSettings = {
				CLANG_ANALYZER_LOCALIZABILITY_NONLOCALIZED = YES;
				CLANG_WARN_BLOCK_CAPTURE_AUTORELEASING = YES;
				CLANG_WARN_BOOL_CONVERSION = YES;
				CLANG_WARN_COMMA = YES;
				CLANG_WARN_CONSTANT_CONVERSION = YES;
				CLANG_WARN_DEPRECATED_OBJC_IMPLEMENTATIONS = YES;
				CLANG_WARN_EMPTY_BODY = YES;
				CLANG_WARN_ENUM_CONVERSION = YES;
				CLANG_WARN_INFINITE_RECURSION = YES;
				CLANG_WARN_INT_CONVERSION = YES;
				CLANG_WARN_NON_LITERAL_NULL_CONVERSION = YES;
				CLANG_WARN_OBJC_IMPLICIT_RETAIN_SELF = YES;
				CLANG_WARN_OBJC_LITERAL_CONVERSION = YES;
				CLANG_WARN_QUOTED_INCLUDE_IN_FRAMEWORK_HEADER = YES;
				CLANG_WARN_RANGE_LOOP_ANALYSIS = YES;
				CLANG_WARN_STRICT_PROTOTYPES = YES;
				CLANG_WARN_SUSPICIOUS_MOVE = YES;
				CLANG_WARN_UNREACHABLE_CODE = YES;
				CLANG_WARN__DUPLICATE_METHOD_MATCH = YES;
				"CODE_SIGN_IDENTITY[sdk=iphoneos*]" = "iPhone Developer";
				CURRENT_PROJECT_VERSION = 1.0.1.1;
				ENABLE_STRICT_OBJC_MSGSEND = YES;
				ENABLE_TESTABILITY = YES;
				GCC_C_LANGUAGE_STANDARD = c99;
				GCC_NO_COMMON_BLOCKS = YES;
				GCC_WARN_64_TO_32_BIT_CONVERSION = YES;
				GCC_WARN_ABOUT_RETURN_TYPE = YES;
				GCC_WARN_UNDECLARED_SELECTOR = YES;
				GCC_WARN_UNINITIALIZED_AUTOS = YES;
				GCC_WARN_UNUSED_FUNCTION = YES;
				GCC_WARN_UNUSED_VARIABLE = YES;
				IPHONEOS_DEPLOYMENT_TARGET = 11.4;
				MARKETING_VERSION = 1.0.1;
				ONLY_ACTIVE_ARCH = YES;
				OTHER_CFLAGS = "";
				SDKROOT = iphoneos;
			};
			name = Debug;
		};
		C01FCF5008A954540054247B /* Release */ = {
			isa = XCBuildConfiguration;
			buildSettings = {
				CLANG_ANALYZER_LOCALIZABILITY_NONLOCALIZED = YES;
				CLANG_WARN_BLOCK_CAPTURE_AUTORELEASING = YES;
				CLANG_WARN_BOOL_CONVERSION = YES;
				CLANG_WARN_COMMA = YES;
				CLANG_WARN_CONSTANT_CONVERSION = YES;
				CLANG_WARN_DEPRECATED_OBJC_IMPLEMENTATIONS = YES;
				CLANG_WARN_EMPTY_BODY = YES;
				CLANG_WARN_ENUM_CONVERSION = YES;
				CLANG_WARN_INFINITE_RECURSION = YES;
				CLANG_WARN_INT_CONVERSION = YES;
				CLANG_WARN_NON_LITERAL_NULL_CONVERSION = YES;
				CLANG_WARN_OBJC_IMPLICIT_RETAIN_SELF = YES;
				CLANG_WARN_OBJC_LITERAL_CONVERSION = YES;
				CLANG_WARN_QUOTED_INCLUDE_IN_FRAMEWORK_HEADER = YES;
				CLANG_WARN_RANGE_LOOP_ANALYSIS = YES;
				CLANG_WARN_STRICT_PROTOTYPES = YES;
				CLANG_WARN_SUSPICIOUS_MOVE = YES;
				CLANG_WARN_UNREACHABLE_CODE = YES;
				CLANG_WARN__DUPLICATE_METHOD_MATCH = YES;
				"CODE_SIGN_IDENTITY[sdk=iphoneos*]" = "iPhone Developer";
				CURRENT_PROJECT_VERSION = 1.0.1.1;
				ENABLE_STRICT_OBJC_MSGSEND = YES;
				GCC_C_LANGUAGE_STANDARD = c99;
				GCC_NO_COMMON_BLOCKS = YES;
				GCC_WARN_64_TO_32_BIT_CONVERSION = YES;
				GCC_WARN_ABOUT_RETURN_TYPE = YES;
				GCC_WARN_UNDECLARED_SELECTOR = YES;
				GCC_WARN_UNINITIALIZED_AUTOS = YES;
				GCC_WARN_UNUSED_FUNCTION = YES;
				GCC_WARN_UNUSED_VARIABLE = YES;
				IPHONEOS_DEPLOYMENT_TARGET = 11.4;
				MARKETING_VERSION = 1.0.1;
				OTHER_CFLAGS = "";
				SDKROOT = iphoneos;
			};
			name = Release;
		};
/* End XCBuildConfiguration section */

/* Begin XCConfigurationList section */
		1D6058960D05DD3E006BFB54 /* Build configuration list for PBXNativeTarget "GDEiOS" */ = {
			isa = XCConfigurationList;
			buildConfigurations = (
				1D6058940D05DD3E006BFB54 /* Debug */,
				1D6058950D05DD3E006BFB54 /* Release */,
			);
			defaultConfigurationIsVisible = 0;
			defaultConfigurationName = Release;
		};
		C01FCF4E08A954540054247B /* Build configuration list for PBXProject "GDEiOS" */ = {
			isa = XCConfigurationList;
			buildConfigurations = (
				C01FCF4F08A954540054247B /* Debug */,
				C01FCF5008A954540054247B /* Release */,
			);
			defaultConfigurationIsVisible = 0;
			defaultConfigurationName = Release;
		};
/* End XCConfigurationList section */
	};
	rootObject = 29B97313FDCFA39411CA2CEA /* Project object */;
}
