// !$*UTF8*$!
{
	archiveVersion = 1;
	classes = {
	};
	objectVersion = 55;
	objects = {

/* Begin PBXBuildFile section */
		A3EE703D288214DE0026664A /* b2_joint.cpp in Sources */ = {isa = PBXBuildFile; fileRef = A3EE6D00288214DC0026664A /* b2_joint.cpp */; };
		A3EE703E288214DE0026664A /* b2_chain_circle_contact.cpp in Sources */ = {isa = PBXBuildFile; fileRef = A3EE6D02288214DC0026664A /* b2_chain_circle_contact.cpp */; };
		A3EE703F288214DE0026664A /* b2_weld_joint.cpp in Sources */ = {isa = PBXBuildFile; fileRef = A3EE6D06288214DC0026664A /* b2_weld_joint.cpp */; };
		A3EE7040288214DE0026664A /* b2_chain_polygon_contact.cpp in Sources */ = {isa = PBXBuildFile; fileRef = A3EE6D07288214DC0026664A /* b2_chain_polygon_contact.cpp */; };
		A3EE7041288214DE0026664A /* b2_body.cpp in Sources */ = {isa = PBXBuildFile; fileRef = A3EE6D09288214DC0026664A /* b2_body.cpp */; };
		A3EE7042288214DE0026664A /* b2_contact.cpp in Sources */ = {isa = PBXBuildFile; fileRef = A3EE6D0A288214DC0026664A /* b2_contact.cpp */; };
		A3EE7043288214DE0026664A /* b2_revolute_joint.cpp in Sources */ = {isa = PBXBuildFile; fileRef = A3EE6D0B288214DC0026664A /* b2_revolute_joint.cpp */; };
		A3EE7044288214DE0026664A /* b2_contact_solver.cpp in Sources */ = {isa = PBXBuildFile; fileRef = A3EE6D0D288214DC0026664A /* b2_contact_solver.cpp */; };
		A3EE7045288214DE0026664A /* b2_world_callbacks.cpp in Sources */ = {isa = PBXBuildFile; fileRef = A3EE6D0E288214DC0026664A /* b2_world_callbacks.cpp */; };
		A3EE7046288214DE0026664A /* b2_pulley_joint.cpp in Sources */ = {isa = PBXBuildFile; fileRef = A3EE6D0F288214DC0026664A /* b2_pulley_joint.cpp */; };
		A3EE7047288214DE0026664A /* b2_polygon_circle_contact.cpp in Sources */ = {isa = PBXBuildFile; fileRef = A3EE6D10288214DC0026664A /* b2_polygon_circle_contact.cpp */; };
		A3EE7048288214DE0026664A /* b2_distance_joint.cpp in Sources */ = {isa = PBXBuildFile; fileRef = A3EE6D12288214DC0026664A /* b2_distance_joint.cpp */; };
		A3EE7049288214DE0026664A /* b2_contact_manager.cpp in Sources */ = {isa = PBXBuildFile; fileRef = A3EE6D13288214DC0026664A /* b2_contact_manager.cpp */; };
		A3EE704A288214DE0026664A /* b2_polygon_contact.cpp in Sources */ = {isa = PBXBuildFile; fileRef = A3EE6D14288214DC0026664A /* b2_polygon_contact.cpp */; };
		A3EE704B288214DE0026664A /* b2_edge_polygon_contact.cpp in Sources */ = {isa = PBXBuildFile; fileRef = A3EE6D15288214DC0026664A /* b2_edge_polygon_contact.cpp */; };
		A3EE704C288214DE0026664A /* b2_edge_circle_contact.cpp in Sources */ = {isa = PBXBuildFile; fileRef = A3EE6D16288214DC0026664A /* b2_edge_circle_contact.cpp */; };
		A3EE704D288214DE0026664A /* b2_gear_joint.cpp in Sources */ = {isa = PBXBuildFile; fileRef = A3EE6D17288214DC0026664A /* b2_gear_joint.cpp */; };
		A3EE704E288214DE0026664A /* b2_friction_joint.cpp in Sources */ = {isa = PBXBuildFile; fileRef = A3EE6D18288214DC0026664A /* b2_friction_joint.cpp */; };
		A3EE704F288214DF0026664A /* b2_wheel_joint.cpp in Sources */ = {isa = PBXBuildFile; fileRef = A3EE6D19288214DC0026664A /* b2_wheel_joint.cpp */; };
		A3EE7050288214DF0026664A /* b2_motor_joint.cpp in Sources */ = {isa = PBXBuildFile; fileRef = A3EE6D1B288214DC0026664A /* b2_motor_joint.cpp */; };
		A3EE7051288214DF0026664A /* b2_world.cpp in Sources */ = {isa = PBXBuildFile; fileRef = A3EE6D1C288214DC0026664A /* b2_world.cpp */; };
		A3EE7052288214DF0026664A /* b2_island.cpp in Sources */ = {isa = PBXBuildFile; fileRef = A3EE6D1D288214DC0026664A /* b2_island.cpp */; };
		A3EE7053288214DF0026664A /* b2_mouse_joint.cpp in Sources */ = {isa = PBXBuildFile; fileRef = A3EE6D1E288214DC0026664A /* b2_mouse_joint.cpp */; };
		A3EE7054288214DF0026664A /* b2_circle_contact.cpp in Sources */ = {isa = PBXBuildFile; fileRef = A3EE6D1F288214DC0026664A /* b2_circle_contact.cpp */; };
		A3EE7055288214DF0026664A /* b2_prismatic_joint.cpp in Sources */ = {isa = PBXBuildFile; fileRef = A3EE6D20288214DC0026664A /* b2_prismatic_joint.cpp */; };
		A3EE7056288214DF0026664A /* b2_fixture.cpp in Sources */ = {isa = PBXBuildFile; fileRef = A3EE6D21288214DC0026664A /* b2_fixture.cpp */; };
		A3EE70B6288214DF0026664A /* b2_rope.cpp in Sources */ = {isa = PBXBuildFile; fileRef = A3EE6D97288214DC0026664A /* b2_rope.cpp */; };
		A3EE70B7288214DF0026664A /* b2_draw.cpp in Sources */ = {isa = PBXBuildFile; fileRef = A3EE6D99288214DC0026664A /* b2_draw.cpp */; };
		A3EE70B8288214DF0026664A /* b2_timer.cpp in Sources */ = {isa = PBXBuildFile; fileRef = A3EE6D9A288214DC0026664A /* b2_timer.cpp */; };
		A3EE70B9288214DF0026664A /* b2_block_allocator.cpp in Sources */ = {isa = PBXBuildFile; fileRef = A3EE6D9B288214DC0026664A /* b2_block_allocator.cpp */; };
		A3EE70BA288214DF0026664A /* b2_stack_allocator.cpp in Sources */ = {isa = PBXBuildFile; fileRef = A3EE6D9C288214DC0026664A /* b2_stack_allocator.cpp */; };
		A3EE70BB288214DF0026664A /* b2_settings.cpp in Sources */ = {isa = PBXBuildFile; fileRef = A3EE6D9D288214DC0026664A /* b2_settings.cpp */; };
		A3EE70BC288214DF0026664A /* b2_math.cpp in Sources */ = {isa = PBXBuildFile; fileRef = A3EE6D9E288214DC0026664A /* b2_math.cpp */; };
		A3EE70BD288214DF0026664A /* b2_collide_circle.cpp in Sources */ = {isa = PBXBuildFile; fileRef = A3EE6DA0288214DC0026664A /* b2_collide_circle.cpp */; };
		A3EE70BE288214DF0026664A /* b2_circle_shape.cpp in Sources */ = {isa = PBXBuildFile; fileRef = A3EE6DA1288214DC0026664A /* b2_circle_shape.cpp */; };
		A3EE70BF288214DF0026664A /* b2_collision.cpp in Sources */ = {isa = PBXBuildFile; fileRef = A3EE6DA2288214DC0026664A /* b2_collision.cpp */; };
		A3EE70C0288214DF0026664A /* b2_collide_edge.cpp in Sources */ = {isa = PBXBuildFile; fileRef = A3EE6DA3288214DC0026664A /* b2_collide_edge.cpp */; };
		A3EE70C1288214DF0026664A /* b2_chain_shape.cpp in Sources */ = {isa = PBXBuildFile; fileRef = A3EE6DA4288214DC0026664A /* b2_chain_shape.cpp */; };
		A3EE70C2288214DF0026664A /* b2_broad_phase.cpp in Sources */ = {isa = PBXBuildFile; fileRef = A3EE6DA5288214DC0026664A /* b2_broad_phase.cpp */; };
		A3EE70C3288214DF0026664A /* b2_dynamic_tree.cpp in Sources */ = {isa = PBXBuildFile; fileRef = A3EE6DA6288214DC0026664A /* b2_dynamic_tree.cpp */; };
		A3EE70C4288214DF0026664A /* b2_polygon_shape.cpp in Sources */ = {isa = PBXBuildFile; fileRef = A3EE6DA7288214DC0026664A /* b2_polygon_shape.cpp */; };
		A3EE70C5288214DF0026664A /* b2_collide_polygon.cpp in Sources */ = {isa = PBXBuildFile; fileRef = A3EE6DA8288214DC0026664A /* b2_collide_polygon.cpp */; };
		A3EE70C6288214DF0026664A /* b2_edge_shape.cpp in Sources */ = {isa = PBXBuildFile; fileRef = A3EE6DA9288214DC0026664A /* b2_edge_shape.cpp */; };
		A3EE70C7288214DF0026664A /* b2_time_of_impact.cpp in Sources */ = {isa = PBXBuildFile; fileRef = A3EE6DAA288214DC0026664A /* b2_time_of_impact.cpp */; };
		A3EE70C8288214DF0026664A /* b2_distance.cpp in Sources */ = {isa = PBXBuildFile; fileRef = A3EE6DAB288214DC0026664A /* b2_distance.cpp */; };
/* End PBXBuildFile section */

/* Begin PBXCopyFilesBuildPhase section */
		A3FCE82F287F74EF00426477 /* CopyFiles */ = {
			isa = PBXCopyFilesBuildPhase;
			buildActionMask = 2147483647;
			dstPath = "include/$(PRODUCT_NAME)";
			dstSubfolderSpec = 16;
			files = (
			);
			runOnlyForDeploymentPostprocessing = 0;
		};
/* End PBXCopyFilesBuildPhase section */

/* Begin PBXFileReference section */
		A3EE6ABF288214DB0026664A /* b2_joint.h */ = {isa = PBXFileReference; fileEncoding = 4; lastKnownFileType = sourcecode.c.h; path = b2_joint.h; sourceTree = "<group>"; };
		A3EE6AC0288214DB0026664A /* b2_shape.h */ = {isa = PBXFileReference; fileEncoding = 4; lastKnownFileType = sourcecode.c.h; path = b2_shape.h; sourceTree = "<group>"; };
		A3EE6AC1288214DB0026664A /* b2_block_allocator.h */ = {isa = PBXFileReference; fileEncoding = 4; lastKnownFileType = sourcecode.c.h; path = b2_block_allocator.h; sourceTree = "<group>"; };
		A3EE6AC2288214DB0026664A /* b2_motor_joint.h */ = {isa = PBXFileReference; fileEncoding = 4; lastKnownFileType = sourcecode.c.h; path = b2_motor_joint.h; sourceTree = "<group>"; };
		A3EE6AC3288214DB0026664A /* b2_common.h */ = {isa = PBXFileReference; fileEncoding = 4; lastKnownFileType = sourcecode.c.h; path = b2_common.h; sourceTree = "<group>"; };
		A3EE6AC4288214DB0026664A /* b2_weld_joint.h */ = {isa = PBXFileReference; fileEncoding = 4; lastKnownFileType = sourcecode.c.h; path = b2_weld_joint.h; sourceTree = "<group>"; };
		A3EE6AC5288214DB0026664A /* b2_dynamic_tree.h */ = {isa = PBXFileReference; fileEncoding = 4; lastKnownFileType = sourcecode.c.h; path = b2_dynamic_tree.h; sourceTree = "<group>"; };
		A3EE6AC6288214DB0026664A /* b2_fixture.h */ = {isa = PBXFileReference; fileEncoding = 4; lastKnownFileType = sourcecode.c.h; path = b2_fixture.h; sourceTree = "<group>"; };
		A3EE6AC7288214DB0026664A /* b2_stack_allocator.h */ = {isa = PBXFileReference; fileEncoding = 4; lastKnownFileType = sourcecode.c.h; path = b2_stack_allocator.h; sourceTree = "<group>"; };
		A3EE6AC8288214DB0026664A /* box2d.h */ = {isa = PBXFileReference; fileEncoding = 4; lastKnownFileType = sourcecode.c.h; path = box2d.h; sourceTree = "<group>"; };
		A3EE6AC9288214DB0026664A /* b2_types.h */ = {isa = PBXFileReference; fileEncoding = 4; lastKnownFileType = sourcecode.c.h; path = b2_types.h; sourceTree = "<group>"; };
		A3EE6ACA288214DB0026664A /* b2_broad_phase.h */ = {isa = PBXFileReference; fileEncoding = 4; lastKnownFileType = sourcecode.c.h; path = b2_broad_phase.h; sourceTree = "<group>"; };
		A3EE6ACB288214DB0026664A /* b2_settings.h */ = {isa = PBXFileReference; fileEncoding = 4; lastKnownFileType = sourcecode.c.h; path = b2_settings.h; sourceTree = "<group>"; };
		A3EE6ACC288214DB0026664A /* b2_revolute_joint.h */ = {isa = PBXFileReference; fileEncoding = 4; lastKnownFileType = sourcecode.c.h; path = b2_revolute_joint.h; sourceTree = "<group>"; };
		A3EE6ACD288214DB0026664A /* b2_rope.h */ = {isa = PBXFileReference; fileEncoding = 4; lastKnownFileType = sourcecode.c.h; path = b2_rope.h; sourceTree = "<group>"; };
		A3EE6ACE288214DB0026664A /* b2_distance_joint.h */ = {isa = PBXFileReference; fileEncoding = 4; lastKnownFileType = sourcecode.c.h; path = b2_distance_joint.h; sourceTree = "<group>"; };
		A3EE6ACF288214DB0026664A /* b2_body.h */ = {isa = PBXFileReference; fileEncoding = 4; lastKnownFileType = sourcecode.c.h; path = b2_body.h; sourceTree = "<group>"; };
		A3EE6AD0288214DB0026664A /* b2_distance.h */ = {isa = PBXFileReference; fileEncoding = 4; lastKnownFileType = sourcecode.c.h; path = b2_distance.h; sourceTree = "<group>"; };
		A3EE6AD1288214DB0026664A /* b2_time_step.h */ = {isa = PBXFileReference; fileEncoding = 4; lastKnownFileType = sourcecode.c.h; path = b2_time_step.h; sourceTree = "<group>"; };
		A3EE6AD2288214DB0026664A /* b2_pulley_joint.h */ = {isa = PBXFileReference; fileEncoding = 4; lastKnownFileType = sourcecode.c.h; path = b2_pulley_joint.h; sourceTree = "<group>"; };
		A3EE6AD3288214DB0026664A /* b2_circle_shape.h */ = {isa = PBXFileReference; fileEncoding = 4; lastKnownFileType = sourcecode.c.h; path = b2_circle_shape.h; sourceTree = "<group>"; };
		A3EE6AD4288214DB0026664A /* b2_math.h */ = {isa = PBXFileReference; fileEncoding = 4; lastKnownFileType = sourcecode.c.h; path = b2_math.h; sourceTree = "<group>"; };
		A3EE6AD5288214DB0026664A /* b2_time_of_impact.h */ = {isa = PBXFileReference; fileEncoding = 4; lastKnownFileType = sourcecode.c.h; path = b2_time_of_impact.h; sourceTree = "<group>"; };
		A3EE6AD6288214DB0026664A /* b2_mouse_joint.h */ = {isa = PBXFileReference; fileEncoding = 4; lastKnownFileType = sourcecode.c.h; path = b2_mouse_joint.h; sourceTree = "<group>"; };
		A3EE6AD7288214DB0026664A /* b2_friction_joint.h */ = {isa = PBXFileReference; fileEncoding = 4; lastKnownFileType = sourcecode.c.h; path = b2_friction_joint.h; sourceTree = "<group>"; };
		A3EE6AD8288214DB0026664A /* b2_contact.h */ = {isa = PBXFileReference; fileEncoding = 4; lastKnownFileType = sourcecode.c.h; path = b2_contact.h; sourceTree = "<group>"; };
		A3EE6AD9288214DB0026664A /* b2_prismatic_joint.h */ = {isa = PBXFileReference; fileEncoding = 4; lastKnownFileType = sourcecode.c.h; path = b2_prismatic_joint.h; sourceTree = "<group>"; };
		A3EE6ADA288214DB0026664A /* b2_world.h */ = {isa = PBXFileReference; fileEncoding = 4; lastKnownFileType = sourcecode.c.h; path = b2_world.h; sourceTree = "<group>"; };
		A3EE6ADB288214DB0026664A /* b2_polygon_shape.h */ = {isa = PBXFileReference; fileEncoding = 4; lastKnownFileType = sourcecode.c.h; path = b2_polygon_shape.h; sourceTree = "<group>"; };
		A3EE6ADC288214DB0026664A /* b2_wheel_joint.h */ = {isa = PBXFileReference; fileEncoding = 4; lastKnownFileType = sourcecode.c.h; path = b2_wheel_joint.h; sourceTree = "<group>"; };
		A3EE6ADD288214DB0026664A /* b2_growable_stack.h */ = {isa = PBXFileReference; fileEncoding = 4; lastKnownFileType = sourcecode.c.h; path = b2_growable_stack.h; sourceTree = "<group>"; };
		A3EE6ADE288214DB0026664A /* b2_draw.h */ = {isa = PBXFileReference; fileEncoding = 4; lastKnownFileType = sourcecode.c.h; path = b2_draw.h; sourceTree = "<group>"; };
		A3EE6ADF288214DB0026664A /* b2_collision.h */ = {isa = PBXFileReference; fileEncoding = 4; lastKnownFileType = sourcecode.c.h; path = b2_collision.h; sourceTree = "<group>"; };
		A3EE6AE0288214DB0026664A /* b2_api.h */ = {isa = PBXFileReference; fileEncoding = 4; lastKnownFileType = sourcecode.c.h; path = b2_api.h; sourceTree = "<group>"; };
		A3EE6AE1288214DB0026664A /* b2_chain_shape.h */ = {isa = PBXFileReference; fileEncoding = 4; lastKnownFileType = sourcecode.c.h; path = b2_chain_shape.h; sourceTree = "<group>"; };
		A3EE6AE2288214DB0026664A /* b2_gear_joint.h */ = {isa = PBXFileReference; fileEncoding = 4; lastKnownFileType = sourcecode.c.h; path = b2_gear_joint.h; sourceTree = "<group>"; };
		A3EE6AE3288214DB0026664A /* b2_timer.h */ = {isa = PBXFileReference; fileEncoding = 4; lastKnownFileType = sourcecode.c.h; path = b2_timer.h; sourceTree = "<group>"; };
		A3EE6AE4288214DB0026664A /* b2_world_callbacks.h */ = {isa = PBXFileReference; fileEncoding = 4; lastKnownFileType = sourcecode.c.h; path = b2_world_callbacks.h; sourceTree = "<group>"; };
		A3EE6AE5288214DB0026664A /* b2_contact_manager.h */ = {isa = PBXFileReference; fileEncoding = 4; lastKnownFileType = sourcecode.c.h; path = b2_contact_manager.h; sourceTree = "<group>"; };
		A3EE6AE6288214DB0026664A /* b2_edge_shape.h */ = {isa = PBXFileReference; fileEncoding = 4; lastKnownFileType = sourcecode.c.h; path = b2_edge_shape.h; sourceTree = "<group>"; };
		A3EE6D00288214DC0026664A /* b2_joint.cpp */ = {isa = PBXFileReference; fileEncoding = 4; lastKnownFileType = sourcecode.cpp.cpp; path = b2_joint.cpp; sourceTree = "<group>"; };
		A3EE6D01288214DC0026664A /* b2_chain_polygon_contact.h */ = {isa = PBXFileReference; fileEncoding = 4; lastKnownFileType = sourcecode.c.h; path = b2_chain_polygon_contact.h; sourceTree = "<group>"; };
		A3EE6D02288214DC0026664A /* b2_chain_circle_contact.cpp */ = {isa = PBXFileReference; fileEncoding = 4; lastKnownFileType = sourcecode.cpp.cpp; path = b2_chain_circle_contact.cpp; sourceTree = "<group>"; };
		A3EE6D03288214DC0026664A /* b2_chain_circle_contact.h */ = {isa = PBXFileReference; fileEncoding = 4; lastKnownFileType = sourcecode.c.h; path = b2_chain_circle_contact.h; sourceTree = "<group>"; };
		A3EE6D04288214DC0026664A /* b2_polygon_circle_contact.h */ = {isa = PBXFileReference; fileEncoding = 4; lastKnownFileType = sourcecode.c.h; path = b2_polygon_circle_contact.h; sourceTree = "<group>"; };
		A3EE6D05288214DC0026664A /* b2_circle_contact.h */ = {isa = PBXFileReference; fileEncoding = 4; lastKnownFileType = sourcecode.c.h; path = b2_circle_contact.h; sourceTree = "<group>"; };
		A3EE6D06288214DC0026664A /* b2_weld_joint.cpp */ = {isa = PBXFileReference; fileEncoding = 4; lastKnownFileType = sourcecode.cpp.cpp; path = b2_weld_joint.cpp; sourceTree = "<group>"; };
		A3EE6D07288214DC0026664A /* b2_chain_polygon_contact.cpp */ = {isa = PBXFileReference; fileEncoding = 4; lastKnownFileType = sourcecode.cpp.cpp; path = b2_chain_polygon_contact.cpp; sourceTree = "<group>"; };
		A3EE6D08288214DC0026664A /* b2_edge_circle_contact.h */ = {isa = PBXFileReference; fileEncoding = 4; lastKnownFileType = sourcecode.c.h; path = b2_edge_circle_contact.h; sourceTree = "<group>"; };
		A3EE6D09288214DC0026664A /* b2_body.cpp */ = {isa = PBXFileReference; fileEncoding = 4; lastKnownFileType = sourcecode.cpp.cpp; path = b2_body.cpp; sourceTree = "<group>"; };
		A3EE6D0A288214DC0026664A /* b2_contact.cpp */ = {isa = PBXFileReference; fileEncoding = 4; lastKnownFileType = sourcecode.cpp.cpp; path = b2_contact.cpp; sourceTree = "<group>"; };
		A3EE6D0B288214DC0026664A /* b2_revolute_joint.cpp */ = {isa = PBXFileReference; fileEncoding = 4; lastKnownFileType = sourcecode.cpp.cpp; path = b2_revolute_joint.cpp; sourceTree = "<group>"; };
		A3EE6D0C288214DC0026664A /* b2_contact_solver.h */ = {isa = PBXFileReference; fileEncoding = 4; lastKnownFileType = sourcecode.c.h; path = b2_contact_solver.h; sourceTree = "<group>"; };
		A3EE6D0D288214DC0026664A /* b2_contact_solver.cpp */ = {isa = PBXFileReference; fileEncoding = 4; lastKnownFileType = sourcecode.cpp.cpp; path = b2_contact_solver.cpp; sourceTree = "<group>"; };
		A3EE6D0E288214DC0026664A /* b2_world_callbacks.cpp */ = {isa = PBXFileReference; fileEncoding = 4; lastKnownFileType = sourcecode.cpp.cpp; path = b2_world_callbacks.cpp; sourceTree = "<group>"; };
		A3EE6D0F288214DC0026664A /* b2_pulley_joint.cpp */ = {isa = PBXFileReference; fileEncoding = 4; lastKnownFileType = sourcecode.cpp.cpp; path = b2_pulley_joint.cpp; sourceTree = "<group>"; };
		A3EE6D10288214DC0026664A /* b2_polygon_circle_contact.cpp */ = {isa = PBXFileReference; fileEncoding = 4; lastKnownFileType = sourcecode.cpp.cpp; path = b2_polygon_circle_contact.cpp; sourceTree = "<group>"; };
		A3EE6D11288214DC0026664A /* b2_edge_polygon_contact.h */ = {isa = PBXFileReference; fileEncoding = 4; lastKnownFileType = sourcecode.c.h; path = b2_edge_polygon_contact.h; sourceTree = "<group>"; };
		A3EE6D12288214DC0026664A /* b2_distance_joint.cpp */ = {isa = PBXFileReference; fileEncoding = 4; lastKnownFileType = sourcecode.cpp.cpp; path = b2_distance_joint.cpp; sourceTree = "<group>"; };
		A3EE6D13288214DC0026664A /* b2_contact_manager.cpp */ = {isa = PBXFileReference; fileEncoding = 4; lastKnownFileType = sourcecode.cpp.cpp; path = b2_contact_manager.cpp; sourceTree = "<group>"; };
		A3EE6D14288214DC0026664A /* b2_polygon_contact.cpp */ = {isa = PBXFileReference; fileEncoding = 4; lastKnownFileType = sourcecode.cpp.cpp; path = b2_polygon_contact.cpp; sourceTree = "<group>"; };
		A3EE6D15288214DC0026664A /* b2_edge_polygon_contact.cpp */ = {isa = PBXFileReference; fileEncoding = 4; lastKnownFileType = sourcecode.cpp.cpp; path = b2_edge_polygon_contact.cpp; sourceTree = "<group>"; };
		A3EE6D16288214DC0026664A /* b2_edge_circle_contact.cpp */ = {isa = PBXFileReference; fileEncoding = 4; lastKnownFileType = sourcecode.cpp.cpp; path = b2_edge_circle_contact.cpp; sourceTree = "<group>"; };
		A3EE6D17288214DC0026664A /* b2_gear_joint.cpp */ = {isa = PBXFileReference; fileEncoding = 4; lastKnownFileType = sourcecode.cpp.cpp; path = b2_gear_joint.cpp; sourceTree = "<group>"; };
		A3EE6D18288214DC0026664A /* b2_friction_joint.cpp */ = {isa = PBXFileReference; fileEncoding = 4; lastKnownFileType = sourcecode.cpp.cpp; path = b2_friction_joint.cpp; sourceTree = "<group>"; };
		A3EE6D19288214DC0026664A /* b2_wheel_joint.cpp */ = {isa = PBXFileReference; fileEncoding = 4; lastKnownFileType = sourcecode.cpp.cpp; path = b2_wheel_joint.cpp; sourceTree = "<group>"; };
		A3EE6D1A288214DC0026664A /* b2_polygon_contact.h */ = {isa = PBXFileReference; fileEncoding = 4; lastKnownFileType = sourcecode.c.h; path = b2_polygon_contact.h; sourceTree = "<group>"; };
		A3EE6D1B288214DC0026664A /* b2_motor_joint.cpp */ = {isa = PBXFileReference; fileEncoding = 4; lastKnownFileType = sourcecode.cpp.cpp; path = b2_motor_joint.cpp; sourceTree = "<group>"; };
		A3EE6D1C288214DC0026664A /* b2_world.cpp */ = {isa = PBXFileReference; fileEncoding = 4; lastKnownFileType = sourcecode.cpp.cpp; path = b2_world.cpp; sourceTree = "<group>"; };
		A3EE6D1D288214DC0026664A /* b2_island.cpp */ = {isa = PBXFileReference; fileEncoding = 4; lastKnownFileType = sourcecode.cpp.cpp; path = b2_island.cpp; sourceTree = "<group>"; };
		A3EE6D1E288214DC0026664A /* b2_mouse_joint.cpp */ = {isa = PBXFileReference; fileEncoding = 4; lastKnownFileType = sourcecode.cpp.cpp; path = b2_mouse_joint.cpp; sourceTree = "<group>"; };
		A3EE6D1F288214DC0026664A /* b2_circle_contact.cpp */ = {isa = PBXFileReference; fileEncoding = 4; lastKnownFileType = sourcecode.cpp.cpp; path = b2_circle_contact.cpp; sourceTree = "<group>"; };
		A3EE6D20288214DC0026664A /* b2_prismatic_joint.cpp */ = {isa = PBXFileReference; fileEncoding = 4; lastKnownFileType = sourcecode.cpp.cpp; path = b2_prismatic_joint.cpp; sourceTree = "<group>"; };
		A3EE6D21288214DC0026664A /* b2_fixture.cpp */ = {isa = PBXFileReference; fileEncoding = 4; lastKnownFileType = sourcecode.cpp.cpp; path = b2_fixture.cpp; sourceTree = "<group>"; };
		A3EE6D22288214DC0026664A /* b2_island.h */ = {isa = PBXFileReference; fileEncoding = 4; lastKnownFileType = sourcecode.c.h; path = b2_island.h; sourceTree = "<group>"; };
		A3EE6D23288214DC0026664A /* CMakeLists.txt */ = {isa = PBXFileReference; fileEncoding = 4; lastKnownFileType = text; path = CMakeLists.txt; sourceTree = "<group>"; };
		A3EE6D97288214DC0026664A /* b2_rope.cpp */ = {isa = PBXFileReference; fileEncoding = 4; lastKnownFileType = sourcecode.cpp.cpp; path = b2_rope.cpp; sourceTree = "<group>"; };
		A3EE6D99288214DC0026664A /* b2_draw.cpp */ = {isa = PBXFileReference; fileEncoding = 4; lastKnownFileType = sourcecode.cpp.cpp; path = b2_draw.cpp; sourceTree = "<group>"; };
		A3EE6D9A288214DC0026664A /* b2_timer.cpp */ = {isa = PBXFileReference; fileEncoding = 4; lastKnownFileType = sourcecode.cpp.cpp; path = b2_timer.cpp; sourceTree = "<group>"; };
		A3EE6D9B288214DC0026664A /* b2_block_allocator.cpp */ = {isa = PBXFileReference; fileEncoding = 4; lastKnownFileType = sourcecode.cpp.cpp; path = b2_block_allocator.cpp; sourceTree = "<group>"; };
		A3EE6D9C288214DC0026664A /* b2_stack_allocator.cpp */ = {isa = PBXFileReference; fileEncoding = 4; lastKnownFileType = sourcecode.cpp.cpp; path = b2_stack_allocator.cpp; sourceTree = "<group>"; };
		A3EE6D9D288214DC0026664A /* b2_settings.cpp */ = {isa = PBXFileReference; fileEncoding = 4; lastKnownFileType = sourcecode.cpp.cpp; path = b2_settings.cpp; sourceTree = "<group>"; };
		A3EE6D9E288214DC0026664A /* b2_math.cpp */ = {isa = PBXFileReference; fileEncoding = 4; lastKnownFileType = sourcecode.cpp.cpp; path = b2_math.cpp; sourceTree = "<group>"; };
		A3EE6DA0288214DC0026664A /* b2_collide_circle.cpp */ = {isa = PBXFileReference; fileEncoding = 4; lastKnownFileType = sourcecode.cpp.cpp; path = b2_collide_circle.cpp; sourceTree = "<group>"; };
		A3EE6DA1288214DC0026664A /* b2_circle_shape.cpp */ = {isa = PBXFileReference; fileEncoding = 4; lastKnownFileType = sourcecode.cpp.cpp; path = b2_circle_shape.cpp; sourceTree = "<group>"; };
		A3EE6DA2288214DC0026664A /* b2_collision.cpp */ = {isa = PBXFileReference; fileEncoding = 4; lastKnownFileType = sourcecode.cpp.cpp; path = b2_collision.cpp; sourceTree = "<group>"; };
		A3EE6DA3288214DC0026664A /* b2_collide_edge.cpp */ = {isa = PBXFileReference; fileEncoding = 4; lastKnownFileType = sourcecode.cpp.cpp; path = b2_collide_edge.cpp; sourceTree = "<group>"; };
		A3EE6DA4288214DC0026664A /* b2_chain_shape.cpp */ = {isa = PBXFileReference; fileEncoding = 4; lastKnownFileType = sourcecode.cpp.cpp; path = b2_chain_shape.cpp; sourceTree = "<group>"; };
		A3EE6DA5288214DC0026664A /* b2_broad_phase.cpp */ = {isa = PBXFileReference; fileEncoding = 4; lastKnownFileType = sourcecode.cpp.cpp; path = b2_broad_phase.cpp; sourceTree = "<group>"; };
		A3EE6DA6288214DC0026664A /* b2_dynamic_tree.cpp */ = {isa = PBXFileReference; fileEncoding = 4; lastKnownFileType = sourcecode.cpp.cpp; path = b2_dynamic_tree.cpp; sourceTree = "<group>"; };
		A3EE6DA7288214DC0026664A /* b2_polygon_shape.cpp */ = {isa = PBXFileReference; fileEncoding = 4; lastKnownFileType = sourcecode.cpp.cpp; path = b2_polygon_shape.cpp; sourceTree = "<group>"; };
		A3EE6DA8288214DC0026664A /* b2_collide_polygon.cpp */ = {isa = PBXFileReference; fileEncoding = 4; lastKnownFileType = sourcecode.cpp.cpp; path = b2_collide_polygon.cpp; sourceTree = "<group>"; };
		A3EE6DA9288214DC0026664A /* b2_edge_shape.cpp */ = {isa = PBXFileReference; fileEncoding = 4; lastKnownFileType = sourcecode.cpp.cpp; path = b2_edge_shape.cpp; sourceTree = "<group>"; };
		A3EE6DAA288214DC0026664A /* b2_time_of_impact.cpp */ = {isa = PBXFileReference; fileEncoding = 4; lastKnownFileType = sourcecode.cpp.cpp; path = b2_time_of_impact.cpp; sourceTree = "<group>"; };
		A3EE6DAB288214DC0026664A /* b2_distance.cpp */ = {isa = PBXFileReference; fileEncoding = 4; lastKnownFileType = sourcecode.cpp.cpp; path = b2_distance.cpp; sourceTree = "<group>"; };
		A3FCE831287F74EF00426477 /* libBox2DiOSLib.a */ = {isa = PBXFileReference; explicitFileType = archive.ar; includeInIndex = 0; path = libBox2DiOSLib.a; sourceTree = BUILT_PRODUCTS_DIR; };
/* End PBXFileReference section */

/* Begin PBXFrameworksBuildPhase section */
		A3FCE82E287F74EF00426477 /* Frameworks */ = {
			isa = PBXFrameworksBuildPhase;
			buildActionMask = 2147483647;
			files = (
			);
			runOnlyForDeploymentPostprocessing = 0;
		};
/* End PBXFrameworksBuildPhase section */

/* Begin PBXGroup section */
		A3EE68C9288214DB0026664A /* box2d */ = {
			isa = PBXGroup;
			children = (
				A3EE6ABD288214DB0026664A /* include */,
				A3EE6CFE288214DC0026664A /* src */,
			);
			name = box2d;
			path = ../../../GDE/submodules/box2d;
			sourceTree = "<group>";
		};
		A3EE6ABD288214DB0026664A /* include */ = {
			isa = PBXGroup;
			children = (
				A3EE6ABE288214DB0026664A /* box2d */,
			);
			path = include;
			sourceTree = "<group>";
		};
		A3EE6ABE288214DB0026664A /* box2d */ = {
			isa = PBXGroup;
			children = (
				A3EE6ABF288214DB0026664A /* b2_joint.h */,
				A3EE6AC0288214DB0026664A /* b2_shape.h */,
				A3EE6AC1288214DB0026664A /* b2_block_allocator.h */,
				A3EE6AC2288214DB0026664A /* b2_motor_joint.h */,
				A3EE6AC3288214DB0026664A /* b2_common.h */,
				A3EE6AC4288214DB0026664A /* b2_weld_joint.h */,
				A3EE6AC5288214DB0026664A /* b2_dynamic_tree.h */,
				A3EE6AC6288214DB0026664A /* b2_fixture.h */,
				A3EE6AC7288214DB0026664A /* b2_stack_allocator.h */,
				A3EE6AC8288214DB0026664A /* box2d.h */,
				A3EE6AC9288214DB0026664A /* b2_types.h */,
				A3EE6ACA288214DB0026664A /* b2_broad_phase.h */,
				A3EE6ACB288214DB0026664A /* b2_settings.h */,
				A3EE6ACC288214DB0026664A /* b2_revolute_joint.h */,
				A3EE6ACD288214DB0026664A /* b2_rope.h */,
				A3EE6ACE288214DB0026664A /* b2_distance_joint.h */,
				A3EE6ACF288214DB0026664A /* b2_body.h */,
				A3EE6AD0288214DB0026664A /* b2_distance.h */,
				A3EE6AD1288214DB0026664A /* b2_time_step.h */,
				A3EE6AD2288214DB0026664A /* b2_pulley_joint.h */,
				A3EE6AD3288214DB0026664A /* b2_circle_shape.h */,
				A3EE6AD4288214DB0026664A /* b2_math.h */,
				A3EE6AD5288214DB0026664A /* b2_time_of_impact.h */,
				A3EE6AD6288214DB0026664A /* b2_mouse_joint.h */,
				A3EE6AD7288214DB0026664A /* b2_friction_joint.h */,
				A3EE6AD8288214DB0026664A /* b2_contact.h */,
				A3EE6AD9288214DB0026664A /* b2_prismatic_joint.h */,
				A3EE6ADA288214DB0026664A /* b2_world.h */,
				A3EE6ADB288214DB0026664A /* b2_polygon_shape.h */,
				A3EE6ADC288214DB0026664A /* b2_wheel_joint.h */,
				A3EE6ADD288214DB0026664A /* b2_growable_stack.h */,
				A3EE6ADE288214DB0026664A /* b2_draw.h */,
				A3EE6ADF288214DB0026664A /* b2_collision.h */,
				A3EE6AE0288214DB0026664A /* b2_api.h */,
				A3EE6AE1288214DB0026664A /* b2_chain_shape.h */,
				A3EE6AE2288214DB0026664A /* b2_gear_joint.h */,
				A3EE6AE3288214DB0026664A /* b2_timer.h */,
				A3EE6AE4288214DB0026664A /* b2_world_callbacks.h */,
				A3EE6AE5288214DB0026664A /* b2_contact_manager.h */,
				A3EE6AE6288214DB0026664A /* b2_edge_shape.h */,
			);
			path = box2d;
			sourceTree = "<group>";
		};
		A3EE6CFE288214DC0026664A /* src */ = {
			isa = PBXGroup;
			children = (
				A3EE6CFF288214DC0026664A /* dynamics */,
				A3EE6D23288214DC0026664A /* CMakeLists.txt */,
				A3EE6D96288214DC0026664A /* rope */,
				A3EE6D98288214DC0026664A /* common */,
				A3EE6D9F288214DC0026664A /* collision */,
			);
			path = src;
			sourceTree = "<group>";
		};
		A3EE6CFF288214DC0026664A /* dynamics */ = {
			isa = PBXGroup;
			children = (
				A3EE6D00288214DC0026664A /* b2_joint.cpp */,
				A3EE6D01288214DC0026664A /* b2_chain_polygon_contact.h */,
				A3EE6D02288214DC0026664A /* b2_chain_circle_contact.cpp */,
				A3EE6D03288214DC0026664A /* b2_chain_circle_contact.h */,
				A3EE6D04288214DC0026664A /* b2_polygon_circle_contact.h */,
				A3EE6D05288214DC0026664A /* b2_circle_contact.h */,
				A3EE6D06288214DC0026664A /* b2_weld_joint.cpp */,
				A3EE6D07288214DC0026664A /* b2_chain_polygon_contact.cpp */,
				A3EE6D08288214DC0026664A /* b2_edge_circle_contact.h */,
				A3EE6D09288214DC0026664A /* b2_body.cpp */,
				A3EE6D0A288214DC0026664A /* b2_contact.cpp */,
				A3EE6D0B288214DC0026664A /* b2_revolute_joint.cpp */,
				A3EE6D0C288214DC0026664A /* b2_contact_solver.h */,
				A3EE6D0D288214DC0026664A /* b2_contact_solver.cpp */,
				A3EE6D0E288214DC0026664A /* b2_world_callbacks.cpp */,
				A3EE6D0F288214DC0026664A /* b2_pulley_joint.cpp */,
				A3EE6D10288214DC0026664A /* b2_polygon_circle_contact.cpp */,
				A3EE6D11288214DC0026664A /* b2_edge_polygon_contact.h */,
				A3EE6D12288214DC0026664A /* b2_distance_joint.cpp */,
				A3EE6D13288214DC0026664A /* b2_contact_manager.cpp */,
				A3EE6D14288214DC0026664A /* b2_polygon_contact.cpp */,
				A3EE6D15288214DC0026664A /* b2_edge_polygon_contact.cpp */,
				A3EE6D16288214DC0026664A /* b2_edge_circle_contact.cpp */,
				A3EE6D17288214DC0026664A /* b2_gear_joint.cpp */,
				A3EE6D18288214DC0026664A /* b2_friction_joint.cpp */,
				A3EE6D19288214DC0026664A /* b2_wheel_joint.cpp */,
				A3EE6D1A288214DC0026664A /* b2_polygon_contact.h */,
				A3EE6D1B288214DC0026664A /* b2_motor_joint.cpp */,
				A3EE6D1C288214DC0026664A /* b2_world.cpp */,
				A3EE6D1D288214DC0026664A /* b2_island.cpp */,
				A3EE6D1E288214DC0026664A /* b2_mouse_joint.cpp */,
				A3EE6D1F288214DC0026664A /* b2_circle_contact.cpp */,
				A3EE6D20288214DC0026664A /* b2_prismatic_joint.cpp */,
				A3EE6D21288214DC0026664A /* b2_fixture.cpp */,
				A3EE6D22288214DC0026664A /* b2_island.h */,
			);
			path = dynamics;
			sourceTree = "<group>";
		};
		A3EE6D96288214DC0026664A /* rope */ = {
			isa = PBXGroup;
			children = (
				A3EE6D97288214DC0026664A /* b2_rope.cpp */,
			);
			path = rope;
			sourceTree = "<group>";
		};
		A3EE6D98288214DC0026664A /* common */ = {
			isa = PBXGroup;
			children = (
				A3EE6D99288214DC0026664A /* b2_draw.cpp */,
				A3EE6D9A288214DC0026664A /* b2_timer.cpp */,
				A3EE6D9B288214DC0026664A /* b2_block_allocator.cpp */,
				A3EE6D9C288214DC0026664A /* b2_stack_allocator.cpp */,
				A3EE6D9D288214DC0026664A /* b2_settings.cpp */,
				A3EE6D9E288214DC0026664A /* b2_math.cpp */,
			);
			path = common;
			sourceTree = "<group>";
		};
		A3EE6D9F288214DC0026664A /* collision */ = {
			isa = PBXGroup;
			children = (
				A3EE6DA0288214DC0026664A /* b2_collide_circle.cpp */,
				A3EE6DA1288214DC0026664A /* b2_circle_shape.cpp */,
				A3EE6DA2288214DC0026664A /* b2_collision.cpp */,
				A3EE6DA3288214DC0026664A /* b2_collide_edge.cpp */,
				A3EE6DA4288214DC0026664A /* b2_chain_shape.cpp */,
				A3EE6DA5288214DC0026664A /* b2_broad_phase.cpp */,
				A3EE6DA6288214DC0026664A /* b2_dynamic_tree.cpp */,
				A3EE6DA7288214DC0026664A /* b2_polygon_shape.cpp */,
				A3EE6DA8288214DC0026664A /* b2_collide_polygon.cpp */,
				A3EE6DA9288214DC0026664A /* b2_edge_shape.cpp */,
				A3EE6DAA288214DC0026664A /* b2_time_of_impact.cpp */,
				A3EE6DAB288214DC0026664A /* b2_distance.cpp */,
			);
			path = collision;
			sourceTree = "<group>";
		};
		A3FCE828287F74EF00426477 = {
			isa = PBXGroup;
			children = (
				A3FCE833287F74EF00426477 /* Box2DiOSLib */,
				A3FCE832287F74EF00426477 /* Products */,
			);
			sourceTree = "<group>";
		};
		A3FCE832287F74EF00426477 /* Products */ = {
			isa = PBXGroup;
			children = (
				A3FCE831287F74EF00426477 /* libBox2DiOSLib.a */,
			);
			name = Products;
			sourceTree = "<group>";
		};
		A3FCE833287F74EF00426477 /* Box2DiOSLib */ = {
			isa = PBXGroup;
			children = (
				A3EE68C9288214DB0026664A /* box2d */,
			);
			path = Box2DiOSLib;
			sourceTree = "<group>";
		};
/* End PBXGroup section */

/* Begin PBXNativeTarget section */
		A3FCE830287F74EF00426477 /* Box2DiOSLib */ = {
			isa = PBXNativeTarget;
			buildConfigurationList = A3FCE83A287F74EF00426477 /* Build configuration list for PBXNativeTarget "Box2DiOSLib" */;
			buildPhases = (
				A3FCE82D287F74EF00426477 /* Sources */,
				A3FCE82E287F74EF00426477 /* Frameworks */,
				A3FCE82F287F74EF00426477 /* CopyFiles */,
			);
			buildRules = (
			);
			dependencies = (
			);
			name = Box2DiOSLib;
			productName = Box2DiOSLib;
			productReference = A3FCE831287F74EF00426477 /* libBox2DiOSLib.a */;
			productType = "com.apple.product-type.library.static";
		};
/* End PBXNativeTarget section */

/* Begin PBXProject section */
		A3FCE829287F74EF00426477 /* Project object */ = {
			isa = PBXProject;
			attributes = {
				BuildIndependentTargetsInParallel = 1;
				LastUpgradeCheck = 1320;
				TargetAttributes = {
					A3FCE830287F74EF00426477 = {
						CreatedOnToolsVersion = 13.2.1;
					};
				};
			};
			buildConfigurationList = A3FCE82C287F74EF00426477 /* Build configuration list for PBXProject "Box2DiOSLib" */;
			compatibilityVersion = "Xcode 13.0";
			developmentRegion = en;
			hasScannedForEncodings = 0;
			knownRegions = (
				en,
				Base,
			);
			mainGroup = A3FCE828287F74EF00426477;
			productRefGroup = A3FCE832287F74EF00426477 /* Products */;
			projectDirPath = "";
			projectRoot = "";
			targets = (
				A3FCE830287F74EF00426477 /* Box2DiOSLib */,
			);
		};
/* End PBXProject section */

/* Begin PBXSourcesBuildPhase section */
		A3FCE82D287F74EF00426477 /* Sources */ = {
			isa = PBXSourcesBuildPhase;
			buildActionMask = 2147483647;
			files = (
				A3EE70B7288214DF0026664A /* b2_draw.cpp in Sources */,
				A3EE7043288214DE0026664A /* b2_revolute_joint.cpp in Sources */,
				A3EE70B8288214DF0026664A /* b2_timer.cpp in Sources */,
				A3EE70C6288214DF0026664A /* b2_edge_shape.cpp in Sources */,
				A3EE70C5288214DF0026664A /* b2_collide_polygon.cpp in Sources */,
				A3EE70C7288214DF0026664A /* b2_time_of_impact.cpp in Sources */,
				A3EE7046288214DE0026664A /* b2_pulley_joint.cpp in Sources */,
				A3EE704D288214DE0026664A /* b2_gear_joint.cpp in Sources */,
				A3EE704C288214DE0026664A /* b2_edge_circle_contact.cpp in Sources */,
				A3EE7048288214DE0026664A /* b2_distance_joint.cpp in Sources */,
				A3EE7052288214DF0026664A /* b2_island.cpp in Sources */,
				A3EE704F288214DF0026664A /* b2_wheel_joint.cpp in Sources */,
				A3EE7049288214DE0026664A /* b2_contact_manager.cpp in Sources */,
				A3EE70BD288214DF0026664A /* b2_collide_circle.cpp in Sources */,
				A3EE7041288214DE0026664A /* b2_body.cpp in Sources */,
				A3EE7056288214DF0026664A /* b2_fixture.cpp in Sources */,
				A3EE70C3288214DF0026664A /* b2_dynamic_tree.cpp in Sources */,
				A3EE70BB288214DF0026664A /* b2_settings.cpp in Sources */,
				A3EE703D288214DE0026664A /* b2_joint.cpp in Sources */,
				A3EE70BF288214DF0026664A /* b2_collision.cpp in Sources */,
				A3EE70BC288214DF0026664A /* b2_math.cpp in Sources */,
				A3EE7053288214DF0026664A /* b2_mouse_joint.cpp in Sources */,
				A3EE70B6288214DF0026664A /* b2_rope.cpp in Sources */,
				A3EE704E288214DE0026664A /* b2_friction_joint.cpp in Sources */,
				A3EE7045288214DE0026664A /* b2_world_callbacks.cpp in Sources */,
				A3EE70BA288214DF0026664A /* b2_stack_allocator.cpp in Sources */,
				A3EE7050288214DF0026664A /* b2_motor_joint.cpp in Sources */,
				A3EE70C1288214DF0026664A /* b2_chain_shape.cpp in Sources */,
				A3EE70C4288214DF0026664A /* b2_polygon_shape.cpp in Sources */,
				A3EE7051288214DF0026664A /* b2_world.cpp in Sources */,
				A3EE704A288214DE0026664A /* b2_polygon_contact.cpp in Sources */,
				A3EE70C0288214DF0026664A /* b2_collide_edge.cpp in Sources */,
				A3EE7054288214DF0026664A /* b2_circle_contact.cpp in Sources */,
				A3EE70B9288214DF0026664A /* b2_block_allocator.cpp in Sources */,
				A3EE7040288214DE0026664A /* b2_chain_polygon_contact.cpp in Sources */,
				A3EE703E288214DE0026664A /* b2_chain_circle_contact.cpp in Sources */,
				A3EE704B288214DE0026664A /* b2_edge_polygon_contact.cpp in Sources */,
				A3EE70BE288214DF0026664A /* b2_circle_shape.cpp in Sources */,
				A3EE703F288214DE0026664A /* b2_weld_joint.cpp in Sources */,
				A3EE7047288214DE0026664A /* b2_polygon_circle_contact.cpp in Sources */,
				A3EE70C8288214DF0026664A /* b2_distance.cpp in Sources */,
				A3EE7042288214DE0026664A /* b2_contact.cpp in Sources */,
				A3EE70C2288214DF0026664A /* b2_broad_phase.cpp in Sources */,
				A3EE7044288214DE0026664A /* b2_contact_solver.cpp in Sources */,
				A3EE7055288214DF0026664A /* b2_prismatic_joint.cpp in Sources */,
			);
			runOnlyForDeploymentPostprocessing = 0;
		};
/* End PBXSourcesBuildPhase section */

/* Begin XCBuildConfiguration section */
		A3FCE838287F74EF00426477 /* Debug */ = {
			isa = XCBuildConfiguration;
			buildSettings = {
				ALWAYS_SEARCH_USER_PATHS = NO;
				CLANG_ANALYZER_NONNULL = YES;
				CLANG_ANALYZER_NUMBER_OBJECT_CONVERSION = YES_AGGRESSIVE;
				CLANG_CXX_LANGUAGE_STANDARD = "gnu++17";
				CLANG_CXX_LIBRARY = "libc++";
				CLANG_ENABLE_MODULES = YES;
				CLANG_ENABLE_OBJC_ARC = YES;
				CLANG_ENABLE_OBJC_WEAK = YES;
				CLANG_WARN_BLOCK_CAPTURE_AUTORELEASING = YES;
				CLANG_WARN_BOOL_CONVERSION = YES;
				CLANG_WARN_COMMA = YES;
				CLANG_WARN_CONSTANT_CONVERSION = YES;
				CLANG_WARN_DEPRECATED_OBJC_IMPLEMENTATIONS = YES;
				CLANG_WARN_DIRECT_OBJC_ISA_USAGE = YES_ERROR;
				CLANG_WARN_DOCUMENTATION_COMMENTS = YES;
				CLANG_WARN_EMPTY_BODY = YES;
				CLANG_WARN_ENUM_CONVERSION = YES;
				CLANG_WARN_INFINITE_RECURSION = YES;
				CLANG_WARN_INT_CONVERSION = YES;
				CLANG_WARN_NON_LITERAL_NULL_CONVERSION = YES;
				CLANG_WARN_OBJC_IMPLICIT_RETAIN_SELF = YES;
				CLANG_WARN_OBJC_LITERAL_CONVERSION = YES;
				CLANG_WARN_OBJC_ROOT_CLASS = YES_ERROR;
				CLANG_WARN_QUOTED_INCLUDE_IN_FRAMEWORK_HEADER = YES;
				CLANG_WARN_RANGE_LOOP_ANALYSIS = YES;
				CLANG_WARN_STRICT_PROTOTYPES = YES;
				CLANG_WARN_SUSPICIOUS_MOVE = YES;
				CLANG_WARN_UNGUARDED_AVAILABILITY = YES_AGGRESSIVE;
				CLANG_WARN_UNREACHABLE_CODE = YES;
				CLANG_WARN__DUPLICATE_METHOD_MATCH = YES;
				COPY_PHASE_STRIP = NO;
				DEBUG_INFORMATION_FORMAT = dwarf;
				ENABLE_STRICT_OBJC_MSGSEND = YES;
				ENABLE_TESTABILITY = YES;
				GCC_C_LANGUAGE_STANDARD = gnu11;
				GCC_DYNAMIC_NO_PIC = NO;
				GCC_NO_COMMON_BLOCKS = YES;
				GCC_OPTIMIZATION_LEVEL = 0;
				GCC_PREPROCESSOR_DEFINITIONS = (
					"DEBUG=1",
					"$(inherited)",
				);
				GCC_WARN_64_TO_32_BIT_CONVERSION = YES;
				GCC_WARN_ABOUT_RETURN_TYPE = YES_ERROR;
				GCC_WARN_UNDECLARED_SELECTOR = YES;
				GCC_WARN_UNINITIALIZED_AUTOS = YES_AGGRESSIVE;
				GCC_WARN_UNUSED_FUNCTION = YES;
				GCC_WARN_UNUSED_VARIABLE = YES;
				IPHONEOS_DEPLOYMENT_TARGET = 11.4;
				MTL_ENABLE_DEBUG_INFO = INCLUDE_SOURCE;
				MTL_FAST_MATH = YES;
				ONLY_ACTIVE_ARCH = YES;
				OTHER_CPLUSPLUSFLAGS = (
					"$(OTHER_CFLAGS)",
					"-I/Users/borja.vazquez/GDE/submodules/box2d/include",
				);
				SDKROOT = iphoneos;
			};
			name = Debug;
		};
		A3FCE839287F74EF00426477 /* Release */ = {
			isa = XCBuildConfiguration;
			buildSettings = {
				ALWAYS_SEARCH_USER_PATHS = NO;
				CLANG_ANALYZER_NONNULL = YES;
				CLANG_ANALYZER_NUMBER_OBJECT_CONVERSION = YES_AGGRESSIVE;
				CLANG_CXX_LANGUAGE_STANDARD = "gnu++17";
				CLANG_CXX_LIBRARY = "libc++";
				CLANG_ENABLE_MODULES = YES;
				CLANG_ENABLE_OBJC_ARC = YES;
				CLANG_ENABLE_OBJC_WEAK = YES;
				CLANG_WARN_BLOCK_CAPTURE_AUTORELEASING = YES;
				CLANG_WARN_BOOL_CONVERSION = YES;
				CLANG_WARN_COMMA = YES;
				CLANG_WARN_CONSTANT_CONVERSION = YES;
				CLANG_WARN_DEPRECATED_OBJC_IMPLEMENTATIONS = YES;
				CLANG_WARN_DIRECT_OBJC_ISA_USAGE = YES_ERROR;
				CLANG_WARN_DOCUMENTATION_COMMENTS = YES;
				CLANG_WARN_EMPTY_BODY = YES;
				CLANG_WARN_ENUM_CONVERSION = YES;
				CLANG_WARN_INFINITE_RECURSION = YES;
				CLANG_WARN_INT_CONVERSION = YES;
				CLANG_WARN_NON_LITERAL_NULL_CONVERSION = YES;
				CLANG_WARN_OBJC_IMPLICIT_RETAIN_SELF = YES;
				CLANG_WARN_OBJC_LITERAL_CONVERSION = YES;
				CLANG_WARN_OBJC_ROOT_CLASS = YES_ERROR;
				CLANG_WARN_QUOTED_INCLUDE_IN_FRAMEWORK_HEADER = YES;
				CLANG_WARN_RANGE_LOOP_ANALYSIS = YES;
				CLANG_WARN_STRICT_PROTOTYPES = YES;
				CLANG_WARN_SUSPICIOUS_MOVE = YES;
				CLANG_WARN_UNGUARDED_AVAILABILITY = YES_AGGRESSIVE;
				CLANG_WARN_UNREACHABLE_CODE = YES;
				CLANG_WARN__DUPLICATE_METHOD_MATCH = YES;
				COPY_PHASE_STRIP = NO;
				DEBUG_INFORMATION_FORMAT = "dwarf-with-dsym";
				ENABLE_NS_ASSERTIONS = NO;
				ENABLE_STRICT_OBJC_MSGSEND = YES;
				GCC_C_LANGUAGE_STANDARD = gnu11;
				GCC_NO_COMMON_BLOCKS = YES;
				GCC_WARN_64_TO_32_BIT_CONVERSION = YES;
				GCC_WARN_ABOUT_RETURN_TYPE = YES_ERROR;
				GCC_WARN_UNDECLARED_SELECTOR = YES;
				GCC_WARN_UNINITIALIZED_AUTOS = YES_AGGRESSIVE;
				GCC_WARN_UNUSED_FUNCTION = YES;
				GCC_WARN_UNUSED_VARIABLE = YES;
				IPHONEOS_DEPLOYMENT_TARGET = 11.4;
				MTL_ENABLE_DEBUG_INFO = NO;
				MTL_FAST_MATH = YES;
				OTHER_CPLUSPLUSFLAGS = (
					"$(OTHER_CFLAGS)",
					"-I/Users/borja.vazquez/GDE/submodules/box2d/include",
				);
				SDKROOT = iphoneos;
				VALIDATE_PRODUCT = YES;
			};
			name = Release;
		};
		A3FCE83B287F74EF00426477 /* Debug */ = {
			isa = XCBuildConfiguration;
			buildSettings = {
				CODE_SIGN_STYLE = Automatic;
				DEVELOPMENT_TEAM = L6M74TC795;
				OTHER_CPLUSPLUSFLAGS = (
					"$(OTHER_CFLAGS)",
					"-I/Users/borja.vazquez/GDE/submodules/box2d/include",
				);
				OTHER_LDFLAGS = "-ObjC";
				PRODUCT_NAME = "$(TARGET_NAME)";
				SKIP_INSTALL = YES;
				TARGETED_DEVICE_FAMILY = "1,2";
			};
			name = Debug;
		};
		A3FCE83C287F74EF00426477 /* Release */ = {
			isa = XCBuildConfiguration;
			buildSettings = {
				CODE_SIGN_STYLE = Automatic;
				DEVELOPMENT_TEAM = L6M74TC795;
				OTHER_CPLUSPLUSFLAGS = (
					"$(OTHER_CFLAGS)",
					"-I/Users/borja.vazquez/GDE/submodules/box2d/include",
				);
				OTHER_LDFLAGS = "-ObjC";
				PRODUCT_NAME = "$(TARGET_NAME)";
				SKIP_INSTALL = YES;
				TARGETED_DEVICE_FAMILY = "1,2";
			};
			name = Release;
		};
/* End XCBuildConfiguration section */

/* Begin XCConfigurationList section */
		A3FCE82C287F74EF00426477 /* Build configuration list for PBXProject "Box2DiOSLib" */ = {
			isa = XCConfigurationList;
			buildConfigurations = (
				A3FCE838287F74EF00426477 /* Debug */,
				A3FCE839287F74EF00426477 /* Release */,
			);
			defaultConfigurationIsVisible = 0;
			defaultConfigurationName = Release;
		};
		A3FCE83A287F74EF00426477 /* Build configuration list for PBXNativeTarget "Box2DiOSLib" */ = {
			isa = XCConfigurationList;
			buildConfigurations = (
				A3FCE83B287F74EF00426477 /* Debug */,
				A3FCE83C287F74EF00426477 /* Release */,
			);
			defaultConfigurationIsVisible = 0;
			defaultConfigurationName = Release;
		};
/* End XCConfigurationList section */
	};
	rootObject = A3FCE829287F74EF00426477 /* Project object */;
}
